// !$*UTF8*$!
{
	archiveVersion = 1;
	classes = {
	};
	objectVersion = 46;
	objects = {

/* Begin PBXBuildFile section */
		D87D0A951BBD721A0096118A /* Bit6Resources.bundle in Resources */ = {isa = PBXBuildFile; fileRef = D87D0A941BBD721A0096118A /* Bit6Resources.bundle */; };
		D89CDCAE1989A5F800E76C44 /* AppDelegate.swift in Sources */ = {isa = PBXBuildFile; fileRef = D89CDCAD1989A5F800E76C44 /* AppDelegate.swift */; };
		D89CDCB31989A5F800E76C44 /* Main.storyboard in Resources */ = {isa = PBXBuildFile; fileRef = D89CDCB11989A5F800E76C44 /* Main.storyboard */; };
		D89CDCB51989A5F800E76C44 /* Images.xcassets in Resources */ = {isa = PBXBuildFile; fileRef = D89CDCB41989A5F800E76C44 /* Images.xcassets */; };
		D89CDCDA1989A82200E76C44 /* Bit6.framework in Frameworks */ = {isa = PBXBuildFile; fileRef = D89CDCD91989A82200E76C44 /* Bit6.framework */; };
		D89CDCE61989A8C100E76C44 /* LoginViewController.swift in Sources */ = {isa = PBXBuildFile; fileRef = D89CDCE51989A8C100E76C44 /* LoginViewController.swift */; };
		D89CDCE81989A8F600E76C44 /* MakeCallViewController.swift in Sources */ = {isa = PBXBuildFile; fileRef = D89CDCE71989A8F600E76C44 /* MakeCallViewController.swift */; };
		D8BAEB601A33BCAB003C0A79 /* MyCallViewController.xib in Resources */ = {isa = PBXBuildFile; fileRef = D8BAEB5E1A33BCAB003C0A79 /* MyCallViewController.xib */; };
		D8BAEB621A33BCE0003C0A79 /* MyCallViewController.swift in Sources */ = {isa = PBXBuildFile; fileRef = D8BAEB611A33BCE0003C0A79 /* MyCallViewController.swift */; };
		D8E07F361C612A6A00BD9655 /* ringtone.caf in Resources */ = {isa = PBXBuildFile; fileRef = D8E07F351C612A6A00BD9655 /* ringtone.caf */; };
/* End PBXBuildFile section */

/* Begin PBXFileReference section */
		D87D0A941BBD721A0096118A /* Bit6Resources.bundle */ = {isa = PBXFileReference; lastKnownFileType = "wrapper.plug-in"; name = Bit6Resources.bundle; path = ../../../Bit6Resources.bundle; sourceTree = "<group>"; };
		D89CDCA81989A5F800E76C44 /* Bit6CallDemo-Swift.app */ = {isa = PBXFileReference; explicitFileType = wrapper.application; includeInIndex = 0; path = "Bit6CallDemo-Swift.app"; sourceTree = BUILT_PRODUCTS_DIR; };
		D89CDCAC1989A5F800E76C44 /* Info.plist */ = {isa = PBXFileReference; lastKnownFileType = text.plist.xml; path = Info.plist; sourceTree = "<group>"; };
		D89CDCAD1989A5F800E76C44 /* AppDelegate.swift */ = {isa = PBXFileReference; lastKnownFileType = sourcecode.swift; path = AppDelegate.swift; sourceTree = "<group>"; };
		D89CDCB21989A5F800E76C44 /* Base */ = {isa = PBXFileReference; lastKnownFileType = file.storyboard; name = Base; path = Base.lproj/Main.storyboard; sourceTree = "<group>"; };
		D89CDCB41989A5F800E76C44 /* Images.xcassets */ = {isa = PBXFileReference; lastKnownFileType = folder.assetcatalog; path = Images.xcassets; sourceTree = "<group>"; };
		D89CDCCA1989A63600E76C44 /* DemoConfig.xcconfig */ = {isa = PBXFileReference; fileEncoding = 4; lastKnownFileType = text.xcconfig; path = DemoConfig.xcconfig; sourceTree = "<group>"; };
		D89CDCD91989A82200E76C44 /* Bit6.framework */ = {isa = PBXFileReference; lastKnownFileType = wrapper.framework; name = Bit6.framework; path = ../../../Bit6.framework; sourceTree = "<group>"; };
		D89CDCE51989A8C100E76C44 /* LoginViewController.swift */ = {isa = PBXFileReference; fileEncoding = 4; lastKnownFileType = sourcecode.swift; path = LoginViewController.swift; sourceTree = "<group>"; };
		D89CDCE71989A8F600E76C44 /* MakeCallViewController.swift */ = {isa = PBXFileReference; fileEncoding = 4; lastKnownFileType = sourcecode.swift; path = MakeCallViewController.swift; sourceTree = "<group>"; };
		D8BAEB5F1A33BCAB003C0A79 /* Base */ = {isa = PBXFileReference; lastKnownFileType = file.xib; name = Base; path = Base.lproj/MyCallViewController.xib; sourceTree = "<group>"; };
		D8BAEB611A33BCE0003C0A79 /* MyCallViewController.swift */ = {isa = PBXFileReference; fileEncoding = 4; lastKnownFileType = sourcecode.swift; path = MyCallViewController.swift; sourceTree = "<group>"; };
		D8E07F351C612A6A00BD9655 /* ringtone.caf */ = {isa = PBXFileReference; lastKnownFileType = file; path = ringtone.caf; sourceTree = "<group>"; };
/* End PBXFileReference section */

/* Begin PBXFrameworksBuildPhase section */
		D89CDCA51989A5F800E76C44 /* Frameworks */ = {
			isa = PBXFrameworksBuildPhase;
			buildActionMask = 2147483647;
			files = (
				D89CDCDA1989A82200E76C44 /* Bit6.framework in Frameworks */,
			);
			runOnlyForDeploymentPostprocessing = 0;
		};
/* End PBXFrameworksBuildPhase section */

/* Begin PBXGroup section */
		D89CDC9F1989A5F800E76C44 = {
			isa = PBXGroup;
			children = (
				D89CDCAA1989A5F800E76C44 /* Bit6CallDemo-Swift */,
				D89CDCA91989A5F800E76C44 /* Products */,
			);
			sourceTree = "<group>";
		};
		D89CDCA91989A5F800E76C44 /* Products */ = {
			isa = PBXGroup;
			children = (
				D89CDCA81989A5F800E76C44 /* Bit6CallDemo-Swift.app */,
			);
			name = Products;
			sourceTree = "<group>";
		};
		D89CDCAA1989A5F800E76C44 /* Bit6CallDemo-Swift */ = {
			isa = PBXGroup;
			children = (
				D89CDCCA1989A63600E76C44 /* DemoConfig.xcconfig */,
				D89CDCAD1989A5F800E76C44 /* AppDelegate.swift */,
				D89CDCE51989A8C100E76C44 /* LoginViewController.swift */,
				D89CDCE71989A8F600E76C44 /* MakeCallViewController.swift */,
				D8BAEB611A33BCE0003C0A79 /* MyCallViewController.swift */,
				D8BAEB5E1A33BCAB003C0A79 /* MyCallViewController.xib */,
				D89CDCB11989A5F800E76C44 /* Main.storyboard */,
				D89CDCB41989A5F800E76C44 /* Images.xcassets */,
				D89CDCAB1989A5F800E76C44 /* Supporting Files */,
			);
			path = "Bit6CallDemo-Swift";
			sourceTree = "<group>";
		};
		D89CDCAB1989A5F800E76C44 /* Supporting Files */ = {
			isa = PBXGroup;
			children = (
				D87D0A941BBD721A0096118A /* Bit6Resources.bundle */,
				D89CDCD91989A82200E76C44 /* Bit6.framework */,
				D8E07F351C612A6A00BD9655 /* ringtone.caf */,
				D89CDCAC1989A5F800E76C44 /* Info.plist */,
			);
			name = "Supporting Files";
			sourceTree = "<group>";
		};
/* End PBXGroup section */

/* Begin PBXNativeTarget section */
		D89CDCA71989A5F800E76C44 /* Bit6CallDemo-Swift */ = {
			isa = PBXNativeTarget;
			buildConfigurationList = D89CDCC41989A5F800E76C44 /* Build configuration list for PBXNativeTarget "Bit6CallDemo-Swift" */;
			buildPhases = (
				D89CDCA41989A5F800E76C44 /* Sources */,
				D89CDCA51989A5F800E76C44 /* Frameworks */,
				D89CDCA61989A5F800E76C44 /* Resources */,
				D8A421B11BE977CE00CDA3E1 /* Run Script - Swift warnings */,
			);
			buildRules = (
			);
			dependencies = (
			);
			name = "Bit6CallDemo-Swift";
			productName = "Bit6CallDemo-Swift";
			productReference = D89CDCA81989A5F800E76C44 /* Bit6CallDemo-Swift.app */;
			productType = "com.apple.product-type.application";
		};
/* End PBXNativeTarget section */

/* Begin PBXProject section */
		D89CDCA01989A5F800E76C44 /* Project object */ = {
			isa = PBXProject;
			attributes = {
				LastSwiftMigration = 0700;
				LastSwiftUpdateCheck = 0700;
				LastUpgradeCheck = 0700;
				ORGANIZATIONNAME = Bit6;
				TargetAttributes = {
					D89CDCA71989A5F800E76C44 = {
						CreatedOnToolsVersion = 6.0;
						SystemCapabilities = {
							com.apple.BackgroundModes = {
								enabled = 1;
							};
						};
					};
				};
			};
			buildConfigurationList = D89CDCA31989A5F800E76C44 /* Build configuration list for PBXProject "Bit6CallDemo-Swift" */;
			compatibilityVersion = "Xcode 3.2";
			developmentRegion = English;
			hasScannedForEncodings = 0;
			knownRegions = (
				en,
				Base,
			);
			mainGroup = D89CDC9F1989A5F800E76C44;
			productRefGroup = D89CDCA91989A5F800E76C44 /* Products */;
			projectDirPath = "";
			projectRoot = "";
			targets = (
				D89CDCA71989A5F800E76C44 /* Bit6CallDemo-Swift */,
			);
		};
/* End PBXProject section */

/* Begin PBXResourcesBuildPhase section */
		D89CDCA61989A5F800E76C44 /* Resources */ = {
			isa = PBXResourcesBuildPhase;
			buildActionMask = 2147483647;
			files = (
				D87D0A951BBD721A0096118A /* Bit6Resources.bundle in Resources */,
				D8E07F361C612A6A00BD9655 /* ringtone.caf in Resources */,
				D89CDCB31989A5F800E76C44 /* Main.storyboard in Resources */,
				D89CDCB51989A5F800E76C44 /* Images.xcassets in Resources */,
				D8BAEB601A33BCAB003C0A79 /* MyCallViewController.xib in Resources */,
			);
			runOnlyForDeploymentPostprocessing = 0;
		};
/* End PBXResourcesBuildPhase section */

/* Begin PBXShellScriptBuildPhase section */
		D8A421B11BE977CE00CDA3E1 /* Run Script - Swift warnings */ = {
			isa = PBXShellScriptBuildPhase;
			buildActionMask = 2147483647;
			files = (
			);
			inputPaths = (
			);
			name = "Run Script - Swift warnings";
			outputPaths = (
			);
			runOnlyForDeploymentPostprocessing = 0;
			shellPath = /bin/sh;
			shellScript = "if [ \"${CONFIGURATION}\" = \"Debug\" ]; then\nTAGS=\"WARNING:\"\necho \"searching ${SRCROOT} for ${TAGS}\"\nfind \"${SRCROOT}\" \\( -name \"*.swift\" \\) -print0 | xargs -0 egrep --with-filename --line-number --only-matching \"($TAGS).*\\$\" | perl -p -e \"s/($TAGS)/ warning: \\$1/\"\nfi";
		};
/* End PBXShellScriptBuildPhase section */

/* Begin PBXSourcesBuildPhase section */
		D89CDCA41989A5F800E76C44 /* Sources */ = {
			isa = PBXSourcesBuildPhase;
			buildActionMask = 2147483647;
			files = (
				D89CDCE61989A8C100E76C44 /* LoginViewController.swift in Sources */,
				D89CDCE81989A8F600E76C44 /* MakeCallViewController.swift in Sources */,
				D8BAEB621A33BCE0003C0A79 /* MyCallViewController.swift in Sources */,
				D89CDCAE1989A5F800E76C44 /* AppDelegate.swift in Sources */,
			);
			runOnlyForDeploymentPostprocessing = 0;
		};
/* End PBXSourcesBuildPhase section */

/* Begin PBXVariantGroup section */
		D89CDCB11989A5F800E76C44 /* Main.storyboard */ = {
			isa = PBXVariantGroup;
			children = (
				D89CDCB21989A5F800E76C44 /* Base */,
			);
			name = Main.storyboard;
			sourceTree = "<group>";
		};
		D8BAEB5E1A33BCAB003C0A79 /* MyCallViewController.xib */ = {
			isa = PBXVariantGroup;
			children = (
				D8BAEB5F1A33BCAB003C0A79 /* Base */,
			);
			name = MyCallViewController.xib;
			sourceTree = "<group>";
		};
/* End PBXVariantGroup section */

/* Begin XCBuildConfiguration section */
		D89CDCC21989A5F800E76C44 /* Debug */ = {
			isa = XCBuildConfiguration;
			buildSettings = {
				ALWAYS_SEARCH_USER_PATHS = NO;
				CLANG_CXX_LANGUAGE_STANDARD = "gnu++0x";
				CLANG_CXX_LIBRARY = "libc++";
				CLANG_ENABLE_MODULES = YES;
				CLANG_ENABLE_OBJC_ARC = YES;
				CLANG_WARN_BOOL_CONVERSION = YES;
				CLANG_WARN_CONSTANT_CONVERSION = YES;
				CLANG_WARN_DIRECT_OBJC_ISA_USAGE = YES_ERROR;
				CLANG_WARN_EMPTY_BODY = YES;
				CLANG_WARN_ENUM_CONVERSION = YES;
				CLANG_WARN_INT_CONVERSION = YES;
				CLANG_WARN_OBJC_ROOT_CLASS = YES_ERROR;
				CLANG_WARN_UNREACHABLE_CODE = YES;
				CLANG_WARN__DUPLICATE_METHOD_MATCH = YES;
				"CODE_SIGN_IDENTITY[sdk=iphoneos*]" = "iPhone Developer";
				COPY_PHASE_STRIP = NO;
				ENABLE_STRICT_OBJC_MSGSEND = YES;
				ENABLE_TESTABILITY = YES;
				GCC_C_LANGUAGE_STANDARD = gnu99;
				GCC_DYNAMIC_NO_PIC = NO;
				GCC_OPTIMIZATION_LEVEL = 0;
				GCC_PREPROCESSOR_DEFINITIONS = (
					"DEBUG=1",
					"$(inherited)",
				);
				GCC_SYMBOLS_PRIVATE_EXTERN = NO;
				GCC_WARN_64_TO_32_BIT_CONVERSION = YES;
				GCC_WARN_ABOUT_RETURN_TYPE = YES_ERROR;
				GCC_WARN_UNDECLARED_SELECTOR = YES;
				GCC_WARN_UNINITIALIZED_AUTOS = YES_AGGRESSIVE;
				GCC_WARN_UNUSED_FUNCTION = YES;
				GCC_WARN_UNUSED_VARIABLE = YES;
				IPHONEOS_DEPLOYMENT_TARGET = 8.0;
				MTL_ENABLE_DEBUG_INFO = YES;
				ONLY_ACTIVE_ARCH = YES;
				SDKROOT = iphoneos;
				SWIFT_OPTIMIZATION_LEVEL = "-Onone";
			};
			name = Debug;
		};
		D89CDCC31989A5F800E76C44 /* Release */ = {
			isa = XCBuildConfiguration;
			buildSettings = {
				ALWAYS_SEARCH_USER_PATHS = NO;
				CLANG_CXX_LANGUAGE_STANDARD = "gnu++0x";
				CLANG_CXX_LIBRARY = "libc++";
				CLANG_ENABLE_MODULES = YES;
				CLANG_ENABLE_OBJC_ARC = YES;
				CLANG_WARN_BOOL_CONVERSION = YES;
				CLANG_WARN_CONSTANT_CONVERSION = YES;
				CLANG_WARN_DIRECT_OBJC_ISA_USAGE = YES_ERROR;
				CLANG_WARN_EMPTY_BODY = YES;
				CLANG_WARN_ENUM_CONVERSION = YES;
				CLANG_WARN_INT_CONVERSION = YES;
				CLANG_WARN_OBJC_ROOT_CLASS = YES_ERROR;
				CLANG_WARN_UNREACHABLE_CODE = YES;
				CLANG_WARN__DUPLICATE_METHOD_MATCH = YES;
				"CODE_SIGN_IDENTITY[sdk=iphoneos*]" = "iPhone Developer";
				COPY_PHASE_STRIP = YES;
				ENABLE_NS_ASSERTIONS = NO;
				ENABLE_STRICT_OBJC_MSGSEND = YES;
				GCC_C_LANGUAGE_STANDARD = gnu99;
				GCC_WARN_64_TO_32_BIT_CONVERSION = YES;
				GCC_WARN_ABOUT_RETURN_TYPE = YES_ERROR;
				GCC_WARN_UNDECLARED_SELECTOR = YES;
				GCC_WARN_UNINITIALIZED_AUTOS = YES_AGGRESSIVE;
				GCC_WARN_UNUSED_FUNCTION = YES;
				GCC_WARN_UNUSED_VARIABLE = YES;
				IPHONEOS_DEPLOYMENT_TARGET = 8.0;
				MTL_ENABLE_DEBUG_INFO = NO;
				SDKROOT = iphoneos;
				VALIDATE_PRODUCT = YES;
			};
			name = Release;
		};
		D89CDCC51989A5F800E76C44 /* Debug */ = {
			isa = XCBuildConfiguration;
			baseConfigurationReference = D89CDCCA1989A63600E76C44 /* DemoConfig.xcconfig */;
			buildSettings = {
				ASSETCATALOG_COMPILER_APPICON_NAME = AppIcon;
				ASSETCATALOG_COMPILER_LAUNCHIMAGE_NAME = LaunchImage;
				CLANG_ENABLE_MODULES = YES;
				INFOPLIST_FILE = "Bit6CallDemo-Swift/Info.plist";
				LD_RUNPATH_SEARCH_PATHS = "$(inherited) @executable_path/Frameworks";
				PRODUCT_BUNDLE_IDENTIFIER = com.bit6.ChatDemo;
				PRODUCT_NAME = "Bit6CallDemo-Swift";
				SWIFT_OPTIMIZATION_LEVEL = "-Onone";
			};
			name = Debug;
		};
		D89CDCC61989A5F800E76C44 /* Release */ = {
			isa = XCBuildConfiguration;
			baseConfigurationReference = D89CDCCA1989A63600E76C44 /* DemoConfig.xcconfig */;
			buildSettings = {
				ASSETCATALOG_COMPILER_APPICON_NAME = AppIcon;
				ASSETCATALOG_COMPILER_LAUNCHIMAGE_NAME = LaunchImage;
				CLANG_ENABLE_MODULES = YES;
				INFOPLIST_FILE = "Bit6CallDemo-Swift/Info.plist";
				LD_RUNPATH_SEARCH_PATHS = "$(inherited) @executable_path/Frameworks";
				PRODUCT_BUNDLE_IDENTIFIER = com.bit6.ChatDemo;
				PRODUCT_NAME = "Bit6CallDemo-Swift";
			};
			name = Release;
		};
/* End XCBuildConfiguration section */

/* Begin XCConfigurationList section */
		D89CDCA31989A5F800E76C44 /* Build configuration list for PBXProject "Bit6CallDemo-Swift" */ = {
			isa = XCConfigurationList;
			buildConfigurations = (
				D89CDCC21989A5F800E76C44 /* Debug */,
				D89CDCC31989A5F800E76C44 /* Release */,
			);
			defaultConfigurationIsVisible = 0;
			defaultConfigurationName = Release;
		};
		D89CDCC41989A5F800E76C44 /* Build configuration list for PBXNativeTarget "Bit6CallDemo-Swift" */ = {
			isa = XCConfigurationList;
			buildConfigurations = (
				D89CDCC51989A5F800E76C44 /* Debug */,
				D89CDCC61989A5F800E76C44 /* Release */,
			);
			defaultConfigurationIsVisible = 0;
			defaultConfigurationName = Release;
		};
/* End XCConfigurationList section */
	};
	rootObject = D89CDCA01989A5F800E76C44 /* Project object */;
}
