// !$*UTF8*$!
{
	archiveVersion = 1;
	classes = {
	};
	objectVersion = 46;
	objects = {

/* Begin PBXBuildFile section */
		D80D4B661A2150DA00391E04 /* AppDelegate.swift in Sources */ = {isa = PBXBuildFile; fileRef = D80D4B651A2150DA00391E04 /* AppDelegate.swift */; };
		D80D4B6D1A2150DA00391E04 /* Images.xcassets in Resources */ = {isa = PBXBuildFile; fileRef = D80D4B6C1A2150DA00391E04 /* Images.xcassets */; };
		D80D4B941A21514A00391E04 /* Bit6.framework in Frameworks */ = {isa = PBXBuildFile; fileRef = D80D4B8D1A21514A00391E04 /* Bit6.framework */; };
		D80D4BA91A215A8B00391E04 /* LoginViewController.swift in Sources */ = {isa = PBXBuildFile; fileRef = D80D4BA81A215A8B00391E04 /* LoginViewController.swift */; };
		D80D4BAB1A215B1C00391E04 /* ConversationsViewController.swift in Sources */ = {isa = PBXBuildFile; fileRef = D80D4BAA1A215B1C00391E04 /* ConversationsViewController.swift */; };
		D80D4BAD1A216AD400391E04 /* ChatsTableViewController.swift in Sources */ = {isa = PBXBuildFile; fileRef = D80D4BAC1A216AD400391E04 /* ChatsTableViewController.swift */; };
		D85AA65B1CC56B0400E4FA74 /* Localizable.strings in Resources */ = {isa = PBXBuildFile; fileRef = D85AA6591CC56B0400E4FA74 /* Localizable.strings */; };
		D85AA65C1CC56B0400E4FA74 /* ringtone.caf in Resources */ = {isa = PBXBuildFile; fileRef = D85AA65A1CC56B0400E4FA74 /* ringtone.caf */; };
		D85AA65E1CC56B1F00E4FA74 /* Main.storyboard in Resources */ = {isa = PBXBuildFile; fileRef = D85AA65D1CC56B1F00E4FA74 /* Main.storyboard */; };
		D86262271CC7EE7000E061DD /* Bit6UIResources.bundle in Resources */ = {isa = PBXBuildFile; fileRef = D86262261CC7EE7000E061DD /* Bit6UIResources.bundle */; };
		D86262291CC7EE7A00E061DD /* Bit6UI.framework in Frameworks */ = {isa = PBXBuildFile; fileRef = D86262281CC7EE7A00E061DD /* Bit6UI.framework */; };
		D862622B1CC80B1600E061DD /* DemoContactSource.swift in Sources */ = {isa = PBXBuildFile; fileRef = D862622A1CC80B1600E061DD /* DemoContactSource.swift */; };
		D894B88C1CC935BF00211A29 /* Bit6UI.strings in Resources */ = {isa = PBXBuildFile; fileRef = D894B88B1CC935BF00211A29 /* Bit6UI.strings */; };
		D8BB52791ACB22E30074947D /* ConversationDetailsTableViewController.swift in Sources */ = {isa = PBXBuildFile; fileRef = D8BB52781ACB22E30074947D /* ConversationDetailsTableViewController.swift */; };
/* End PBXBuildFile section */

/* Begin PBXFileReference section */
		D80D4B601A2150DA00391E04 /* Bit6UIFullDemo.app */ = {isa = PBXFileReference; explicitFileType = wrapper.application; includeInIndex = 0; path = Bit6UIFullDemo.app; sourceTree = BUILT_PRODUCTS_DIR; };
		D80D4B641A2150DA00391E04 /* Info.plist */ = {isa = PBXFileReference; lastKnownFileType = text.plist.xml; path = Info.plist; sourceTree = "<group>"; };
		D80D4B651A2150DA00391E04 /* AppDelegate.swift */ = {isa = PBXFileReference; lastKnownFileType = sourcecode.swift; path = AppDelegate.swift; sourceTree = "<group>"; };
		D80D4B6C1A2150DA00391E04 /* Images.xcassets */ = {isa = PBXFileReference; lastKnownFileType = folder.assetcatalog; path = Images.xcassets; sourceTree = "<group>"; };
		D80D4B851A2150F800391E04 /* DemoConfig.xcconfig */ = {isa = PBXFileReference; fileEncoding = 4; lastKnownFileType = text.xcconfig; path = DemoConfig.xcconfig; sourceTree = "<group>"; };
		D80D4B8D1A21514A00391E04 /* Bit6.framework */ = {isa = PBXFileReference; lastKnownFileType = wrapper.framework; name = Bit6.framework; path = ../../../Bit6.framework; sourceTree = "<group>"; };
		D80D4BA81A215A8B00391E04 /* LoginViewController.swift */ = {isa = PBXFileReference; fileEncoding = 4; lastKnownFileType = sourcecode.swift; path = LoginViewController.swift; sourceTree = "<group>"; };
		D80D4BAA1A215B1C00391E04 /* ConversationsViewController.swift */ = {isa = PBXFileReference; fileEncoding = 4; lastKnownFileType = sourcecode.swift; path = ConversationsViewController.swift; sourceTree = "<group>"; };
		D80D4BAC1A216AD400391E04 /* ChatsTableViewController.swift */ = {isa = PBXFileReference; fileEncoding = 4; lastKnownFileType = sourcecode.swift; path = ChatsTableViewController.swift; sourceTree = "<group>"; };
		D85AA6591CC56B0400E4FA74 /* Localizable.strings */ = {isa = PBXFileReference; fileEncoding = 4; lastKnownFileType = text.plist.strings; name = Localizable.strings; path = "../Bit6UIFullDemo-ObjC/ChatDemo/Localizable.strings"; sourceTree = SOURCE_ROOT; };
		D85AA65A1CC56B0400E4FA74 /* ringtone.caf */ = {isa = PBXFileReference; lastKnownFileType = file; name = ringtone.caf; path = "../Bit6UIFullDemo-ObjC/ChatDemo/ringtone.caf"; sourceTree = SOURCE_ROOT; };
		D85AA65D1CC56B1F00E4FA74 /* Main.storyboard */ = {isa = PBXFileReference; fileEncoding = 4; lastKnownFileType = file.storyboard; path = Main.storyboard; sourceTree = "<group>"; };
		D86262261CC7EE7000E061DD /* Bit6UIResources.bundle */ = {isa = PBXFileReference; lastKnownFileType = "wrapper.plug-in"; name = Bit6UIResources.bundle; path = ../../../Bit6UIResources.bundle; sourceTree = "<group>"; };
		D86262281CC7EE7A00E061DD /* Bit6UI.framework */ = {isa = PBXFileReference; lastKnownFileType = wrapper.framework; name = Bit6UI.framework; path = ../../../Bit6UI.framework; sourceTree = "<group>"; };
		D862622A1CC80B1600E061DD /* DemoContactSource.swift */ = {isa = PBXFileReference; fileEncoding = 4; lastKnownFileType = sourcecode.swift; path = DemoContactSource.swift; sourceTree = "<group>"; };
		D894B88B1CC935BF00211A29 /* Bit6UI.strings */ = {isa = PBXFileReference; fileEncoding = 4; lastKnownFileType = text.plist.strings; name = Bit6UI.strings; path = "../Bit6UIFullDemo-ObjC/ChatDemo/Bit6UI.strings"; sourceTree = SOURCE_ROOT; };
		D8BB52781ACB22E30074947D /* ConversationDetailsTableViewController.swift */ = {isa = PBXFileReference; fileEncoding = 4; lastKnownFileType = sourcecode.swift; path = ConversationDetailsTableViewController.swift; sourceTree = "<group>"; };
/* End PBXFileReference section */

/* Begin PBXFrameworksBuildPhase section */
		D80D4B5D1A2150DA00391E04 /* Frameworks */ = {
			isa = PBXFrameworksBuildPhase;
			buildActionMask = 2147483647;
			files = (
				D80D4B941A21514A00391E04 /* Bit6.framework in Frameworks */,
				D86262291CC7EE7A00E061DD /* Bit6UI.framework in Frameworks */,
			);
			runOnlyForDeploymentPostprocessing = 0;
		};
/* End PBXFrameworksBuildPhase section */

/* Begin PBXGroup section */
		D80D4B571A2150DA00391E04 = {
			isa = PBXGroup;
			children = (
				D80D4B621A2150DA00391E04 /* Bit6ChatDemo-Swift */,
				D80D4B611A2150DA00391E04 /* Products */,
			);
			sourceTree = "<group>";
		};
		D80D4B611A2150DA00391E04 /* Products */ = {
			isa = PBXGroup;
			children = (
				D80D4B601A2150DA00391E04 /* Bit6UIFullDemo.app */,
			);
			name = Products;
			sourceTree = "<group>";
		};
		D80D4B621A2150DA00391E04 /* Bit6ChatDemo-Swift */ = {
			isa = PBXGroup;
			children = (
				D80D4B851A2150F800391E04 /* DemoConfig.xcconfig */,
				D80D4B651A2150DA00391E04 /* AppDelegate.swift */,
				D80D4BA81A215A8B00391E04 /* LoginViewController.swift */,
				D80D4BAA1A215B1C00391E04 /* ConversationsViewController.swift */,
				D80D4BAC1A216AD400391E04 /* ChatsTableViewController.swift */,
				D8BB52781ACB22E30074947D /* ConversationDetailsTableViewController.swift */,
				D862622A1CC80B1600E061DD /* DemoContactSource.swift */,
				D80D4B6C1A2150DA00391E04 /* Images.xcassets */,
				D85AA65D1CC56B1F00E4FA74 /* Main.storyboard */,
				D80D4B631A2150DA00391E04 /* Supporting Files */,
			);
			path = "Bit6ChatDemo-Swift";
			sourceTree = "<group>";
		};
		D80D4B631A2150DA00391E04 /* Supporting Files */ = {
			isa = PBXGroup;
			children = (
				D894B88B1CC935BF00211A29 /* Bit6UI.strings */,
				D86262261CC7EE7000E061DD /* Bit6UIResources.bundle */,
				D85AA6591CC56B0400E4FA74 /* Localizable.strings */,
				D85AA65A1CC56B0400E4FA74 /* ringtone.caf */,
				D86262281CC7EE7A00E061DD /* Bit6UI.framework */,
				D80D4B8D1A21514A00391E04 /* Bit6.framework */,
				D80D4B641A2150DA00391E04 /* Info.plist */,
			);
			name = "Supporting Files";
			sourceTree = "<group>";
		};
/* End PBXGroup section */

/* Begin PBXNativeTarget section */
		D80D4B5F1A2150DA00391E04 /* Bit6UIFullDemo */ = {
			isa = PBXNativeTarget;
			buildConfigurationList = D80D4B7F1A2150DA00391E04 /* Build configuration list for PBXNativeTarget "Bit6UIFullDemo" */;
			buildPhases = (
				D80D4B5C1A2150DA00391E04 /* Sources */,
				D80D4B5D1A2150DA00391E04 /* Frameworks */,
				D80D4B5E1A2150DA00391E04 /* Resources */,
				D8A421B21BE9784000CDA3E1 /* Run Script - Swift warnings */,
			);
			buildRules = (
			);
			dependencies = (
			);
			name = Bit6UIFullDemo;
			productName = "Bit6ChatDemo-Swift";
			productReference = D80D4B601A2150DA00391E04 /* Bit6UIFullDemo.app */;
			productType = "com.apple.product-type.application";
		};
/* End PBXNativeTarget section */

/* Begin PBXProject section */
		D80D4B581A2150DA00391E04 /* Project object */ = {
			isa = PBXProject;
			attributes = {
				LastSwiftMigration = 0700;
				LastSwiftUpdateCheck = 0700;
				LastUpgradeCheck = 0700;
				ORGANIZATIONNAME = Bit6;
				TargetAttributes = {
					D80D4B5F1A2150DA00391E04 = {
						CreatedOnToolsVersion = 6.1;
						SystemCapabilities = {
							com.apple.BackgroundModes = {
								enabled = 1;
							};
						};
					};
				};
			};
			buildConfigurationList = D80D4B5B1A2150DA00391E04 /* Build configuration list for PBXProject "Bit6UIFullDemo" */;
			compatibilityVersion = "Xcode 3.2";
			developmentRegion = English;
			hasScannedForEncodings = 0;
			knownRegions = (
				en,
				Base,
			);
			mainGroup = D80D4B571A2150DA00391E04;
			productRefGroup = D80D4B611A2150DA00391E04 /* Products */;
			projectDirPath = "";
			projectRoot = "";
			targets = (
				D80D4B5F1A2150DA00391E04 /* Bit6UIFullDemo */,
			);
		};
/* End PBXProject section */

/* Begin PBXResourcesBuildPhase section */
		D80D4B5E1A2150DA00391E04 /* Resources */ = {
			isa = PBXResourcesBuildPhase;
			buildActionMask = 2147483647;
			files = (
				D86262271CC7EE7000E061DD /* Bit6UIResources.bundle in Resources */,
				D894B88C1CC935BF00211A29 /* Bit6UI.strings in Resources */,
				D80D4B6D1A2150DA00391E04 /* Images.xcassets in Resources */,
				D85AA65B1CC56B0400E4FA74 /* Localizable.strings in Resources */,
				D85AA65C1CC56B0400E4FA74 /* ringtone.caf in Resources */,
				D85AA65E1CC56B1F00E4FA74 /* Main.storyboard in Resources */,
			);
			runOnlyForDeploymentPostprocessing = 0;
		};
/* End PBXResourcesBuildPhase section */

/* Begin PBXShellScriptBuildPhase section */
		D8A421B21BE9784000CDA3E1 /* Run Script - Swift warnings */ = {
			isa = PBXShellScriptBuildPhase;
			buildActionMask = 2147483647;
			files = (
			);
			inputPaths = (
			);
			name = "Run Script - Swift warnings";
			outputPaths = (
			);
			runOnlyForDeploymentPostprocessing = 0;
			shellPath = /bin/sh;
			shellScript = "if [ \"${CONFIGURATION}\" = \"Debug\" ]; then\nTAGS=\"WARNING:\"\necho \"searching ${SRCROOT} for ${TAGS}\"\nfind \"${SRCROOT}\" \\( -name \"*.swift\" \\) -print0 | xargs -0 egrep --with-filename --line-number --only-matching \"($TAGS).*\\$\" | perl -p -e \"s/($TAGS)/ warning: \\$1/\"\nfi";
		};
/* End PBXShellScriptBuildPhase section */

/* Begin PBXSourcesBuildPhase section */
		D80D4B5C1A2150DA00391E04 /* Sources */ = {
			isa = PBXSourcesBuildPhase;
			buildActionMask = 2147483647;
			files = (
				D862622B1CC80B1600E061DD /* DemoContactSource.swift in Sources */,
				D80D4BAB1A215B1C00391E04 /* ConversationsViewController.swift in Sources */,
				D8BB52791ACB22E30074947D /* ConversationDetailsTableViewController.swift in Sources */,
				D80D4BA91A215A8B00391E04 /* LoginViewController.swift in Sources */,
				D80D4B661A2150DA00391E04 /* AppDelegate.swift in Sources */,
				D80D4BAD1A216AD400391E04 /* ChatsTableViewController.swift in Sources */,
			);
			runOnlyForDeploymentPostprocessing = 0;
		};
/* End PBXSourcesBuildPhase section */

/* Begin XCBuildConfiguration section */
		D80D4B7D1A2150DA00391E04 /* Debug */ = {
			isa = XCBuildConfiguration;
			buildSettings = {
				ALWAYS_SEARCH_USER_PATHS = NO;
				CLANG_CXX_LANGUAGE_STANDARD = "gnu++0x";
				CLANG_CXX_LIBRARY = "libc++";
				CLANG_ENABLE_MODULES = YES;
				CLANG_ENABLE_OBJC_ARC = YES;
				CLANG_WARN_BOOL_CONVERSION = YES;
				CLANG_WARN_CONSTANT_CONVERSION = YES;
				CLANG_WARN_DIRECT_OBJC_ISA_USAGE = YES_ERROR;
				CLANG_WARN_EMPTY_BODY = YES;
				CLANG_WARN_ENUM_CONVERSION = YES;
				CLANG_WARN_INT_CONVERSION = YES;
				CLANG_WARN_OBJC_ROOT_CLASS = YES_ERROR;
				CLANG_WARN_UNREACHABLE_CODE = YES;
				CLANG_WARN__DUPLICATE_METHOD_MATCH = YES;
				"CODE_SIGN_IDENTITY[sdk=iphoneos*]" = "iPhone Developer";
				COPY_PHASE_STRIP = NO;
				ENABLE_STRICT_OBJC_MSGSEND = YES;
				ENABLE_TESTABILITY = YES;
				GCC_C_LANGUAGE_STANDARD = gnu99;
				GCC_DYNAMIC_NO_PIC = NO;
				GCC_OPTIMIZATION_LEVEL = 0;
				GCC_PREPROCESSOR_DEFINITIONS = (
					"DEBUG=1",
					"$(inherited)",
				);
				GCC_SYMBOLS_PRIVATE_EXTERN = NO;
				GCC_WARN_64_TO_32_BIT_CONVERSION = YES;
				GCC_WARN_ABOUT_RETURN_TYPE = YES_ERROR;
				GCC_WARN_UNDECLARED_SELECTOR = YES;
				GCC_WARN_UNINITIALIZED_AUTOS = YES_AGGRESSIVE;
				GCC_WARN_UNUSED_FUNCTION = YES;
				GCC_WARN_UNUSED_VARIABLE = YES;
				IPHONEOS_DEPLOYMENT_TARGET = 8.1;
				MTL_ENABLE_DEBUG_INFO = YES;
				ONLY_ACTIVE_ARCH = YES;
				SDKROOT = iphoneos;
				SWIFT_OPTIMIZATION_LEVEL = "-Onone";
			};
			name = Debug;
		};
		D80D4B7E1A2150DA00391E04 /* Release */ = {
			isa = XCBuildConfiguration;
			buildSettings = {
				ALWAYS_SEARCH_USER_PATHS = NO;
				CLANG_CXX_LANGUAGE_STANDARD = "gnu++0x";
				CLANG_CXX_LIBRARY = "libc++";
				CLANG_ENABLE_MODULES = YES;
				CLANG_ENABLE_OBJC_ARC = YES;
				CLANG_WARN_BOOL_CONVERSION = YES;
				CLANG_WARN_CONSTANT_CONVERSION = YES;
				CLANG_WARN_DIRECT_OBJC_ISA_USAGE = YES_ERROR;
				CLANG_WARN_EMPTY_BODY = YES;
				CLANG_WARN_ENUM_CONVERSION = YES;
				CLANG_WARN_INT_CONVERSION = YES;
				CLANG_WARN_OBJC_ROOT_CLASS = YES_ERROR;
				CLANG_WARN_UNREACHABLE_CODE = YES;
				CLANG_WARN__DUPLICATE_METHOD_MATCH = YES;
				"CODE_SIGN_IDENTITY[sdk=iphoneos*]" = "iPhone Developer";
				COPY_PHASE_STRIP = YES;
				ENABLE_NS_ASSERTIONS = NO;
				ENABLE_STRICT_OBJC_MSGSEND = YES;
				GCC_C_LANGUAGE_STANDARD = gnu99;
				GCC_WARN_64_TO_32_BIT_CONVERSION = YES;
				GCC_WARN_ABOUT_RETURN_TYPE = YES_ERROR;
				GCC_WARN_UNDECLARED_SELECTOR = YES;
				GCC_WARN_UNINITIALIZED_AUTOS = YES_AGGRESSIVE;
				GCC_WARN_UNUSED_FUNCTION = YES;
				GCC_WARN_UNUSED_VARIABLE = YES;
				IPHONEOS_DEPLOYMENT_TARGET = 8.1;
				MTL_ENABLE_DEBUG_INFO = NO;
				SDKROOT = iphoneos;
				VALIDATE_PRODUCT = YES;
			};
			name = Release;
		};
		D80D4B801A2150DA00391E04 /* Debug */ = {
			isa = XCBuildConfiguration;
			baseConfigurationReference = D80D4B851A2150F800391E04 /* DemoConfig.xcconfig */;
			buildSettings = {
				ASSETCATALOG_COMPILER_APPICON_NAME = AppIcon;
				ASSETCATALOG_COMPILER_LAUNCHIMAGE_NAME = LaunchImage;
				INFOPLIST_FILE = "Bit6ChatDemo-Swift/Info.plist";
				LD_RUNPATH_SEARCH_PATHS = "$(inherited) @executable_path/Frameworks";
				PRODUCT_BUNDLE_IDENTIFIER = com.bit6.ChatDemo;
				PRODUCT_NAME = Bit6UIFullDemo;
			};
			name = Debug;
		};
		D80D4B811A2150DA00391E04 /* Release */ = {
			isa = XCBuildConfiguration;
			baseConfigurationReference = D80D4B851A2150F800391E04 /* DemoConfig.xcconfig */;
			buildSettings = {
				ASSETCATALOG_COMPILER_APPICON_NAME = AppIcon;
				ASSETCATALOG_COMPILER_LAUNCHIMAGE_NAME = LaunchImage;
				INFOPLIST_FILE = "Bit6ChatDemo-Swift/Info.plist";
				LD_RUNPATH_SEARCH_PATHS = "$(inherited) @executable_path/Frameworks";
				PRODUCT_BUNDLE_IDENTIFIER = com.bit6.ChatDemo;
				PRODUCT_NAME = Bit6UIFullDemo;
			};
			name = Release;
		};
/* End XCBuildConfiguration section */

/* Begin XCConfigurationList section */
		D80D4B5B1A2150DA00391E04 /* Build configuration list for PBXProject "Bit6UIFullDemo" */ = {
			isa = XCConfigurationList;
			buildConfigurations = (
				D80D4B7D1A2150DA00391E04 /* Debug */,
				D80D4B7E1A2150DA00391E04 /* Release */,
			);
			defaultConfigurationIsVisible = 0;
			defaultConfigurationName = Release;
		};
		D80D4B7F1A2150DA00391E04 /* Build configuration list for PBXNativeTarget "Bit6UIFullDemo" */ = {
			isa = XCConfigurationList;
			buildConfigurations = (
				D80D4B801A2150DA00391E04 /* Debug */,
				D80D4B811A2150DA00391E04 /* Release */,
			);
			defaultConfigurationIsVisible = 0;
			defaultConfigurationName = Release;
		};
/* End XCConfigurationList section */
	};
	rootObject = D80D4B581A2150DA00391E04 /* Project object */;
}
