// !$*UTF8*$!
{
	archiveVersion = 1;
	classes = {
	};
	objectVersion = 46;
	objects = {

/* Begin PBXBuildFile section */
		D862622F1CC8467F00E061DD /* FacebookSDKStrings.bundle in Resources */ = {isa = PBXBuildFile; fileRef = D862622E1CC8467F00E061DD /* FacebookSDKStrings.bundle */; };
		D86262311CC8469400E061DD /* Bit6UI.framework in Frameworks */ = {isa = PBXBuildFile; fileRef = D86262301CC8469400E061DD /* Bit6UI.framework */; };
		D86262331CC846A000E061DD /* Bit6UIResources.bundle in Resources */ = {isa = PBXBuildFile; fileRef = D86262321CC846A000E061DD /* Bit6UIResources.bundle */; };
		D86262361CC848B800E061DD /* DemoContactSource.m in Sources */ = {isa = PBXBuildFile; fileRef = D86262351CC848B800E061DD /* DemoContactSource.m */; };
		D87D0A7A1BBD70AC0096118A /* FBSDKCoreKit.framework in Frameworks */ = {isa = PBXBuildFile; fileRef = D87D0A781BBD70AC0096118A /* FBSDKCoreKit.framework */; };
		D87D0A7B1BBD70AC0096118A /* FBSDKLoginKit.framework in Frameworks */ = {isa = PBXBuildFile; fileRef = D87D0A791BBD70AC0096118A /* FBSDKLoginKit.framework */; };
		D87D0AB11BBD74AC0096118A /* FBSDKShareKit.framework in Frameworks */ = {isa = PBXBuildFile; fileRef = D87D0AB01BBD74AC0096118A /* FBSDKShareKit.framework */; };
		D88183A01D6F6D1300F3ABE0 /* InfoPlist.strings in Resources */ = {isa = PBXBuildFile; fileRef = D881839F1D6F6D1300F3ABE0 /* InfoPlist.strings */; };
		D88183A41D6F6D1B00F3ABE0 /* CustomCallViewController.m in Sources */ = {isa = PBXBuildFile; fileRef = D88183A21D6F6D1B00F3ABE0 /* CustomCallViewController.m */; };
		D88183A51D6F6D1B00F3ABE0 /* CustomCallViewController.xib in Resources */ = {isa = PBXBuildFile; fileRef = D88183A31D6F6D1B00F3ABE0 /* CustomCallViewController.xib */; };
		D88F07371D3D1BCA00EC665F /* Localizable.strings in Resources */ = {isa = PBXBuildFile; fileRef = D88F07361D3D1BCA00EC665F /* Localizable.strings */; };
		D894B8901CC93DC700211A29 /* Bit6UI.strings in Resources */ = {isa = PBXBuildFile; fileRef = D894B88F1CC93DC700211A29 /* Bit6UI.strings */; };
		D8A3AF341A44A7F9002205C2 /* main.m in Sources */ = {isa = PBXBuildFile; fileRef = D8A3AF331A44A7F9002205C2 /* main.m */; };
		D8A3AF371A44A7F9002205C2 /* AppDelegate.m in Sources */ = {isa = PBXBuildFile; fileRef = D8A3AF361A44A7F9002205C2 /* AppDelegate.m */; };
		D8A3AF3D1A44A7F9002205C2 /* Main.storyboard in Resources */ = {isa = PBXBuildFile; fileRef = D8A3AF3B1A44A7F9002205C2 /* Main.storyboard */; };
		D8A3AF3F1A44A7F9002205C2 /* Images.xcassets in Resources */ = {isa = PBXBuildFile; fileRef = D8A3AF3E1A44A7F9002205C2 /* Images.xcassets */; };
		D8A3AF421A44A7F9002205C2 /* LaunchScreen.xib in Resources */ = {isa = PBXBuildFile; fileRef = D8A3AF401A44A7F9002205C2 /* LaunchScreen.xib */; };
		D8A3AF651A44A8C9002205C2 /* Bit6.framework in Frameworks */ = {isa = PBXBuildFile; fileRef = D8A3AF641A44A8C9002205C2 /* Bit6.framework */; };
		D8A3AF691A44A984002205C2 /* MainViewController.m in Sources */ = {isa = PBXBuildFile; fileRef = D8A3AF681A44A984002205C2 /* MainViewController.m */; };
		D8A3AF6C1A44A992002205C2 /* FriendsViewController.m in Sources */ = {isa = PBXBuildFile; fileRef = D8A3AF6B1A44A992002205C2 /* FriendsViewController.m */; };
		D8A5A4B91C6F990000B868B1 /* ringtone.caf in Resources */ = {isa = PBXBuildFile; fileRef = D8A5A4B81C6F990000B868B1 /* ringtone.caf */; };
/* End PBXBuildFile section */

/* Begin PBXFileReference section */
		D862622E1CC8467F00E061DD /* FacebookSDKStrings.bundle */ = {isa = PBXFileReference; lastKnownFileType = "wrapper.plug-in"; path = FacebookSDKStrings.bundle; sourceTree = "<group>"; };
		D86262301CC8469400E061DD /* Bit6UI.framework */ = {isa = PBXFileReference; lastKnownFileType = wrapper.framework; name = Bit6UI.framework; path = ../../Bit6UI.framework; sourceTree = SOURCE_ROOT; };
		D86262321CC846A000E061DD /* Bit6UIResources.bundle */ = {isa = PBXFileReference; lastKnownFileType = "wrapper.plug-in"; name = Bit6UIResources.bundle; path = ../../Bit6UIResources.bundle; sourceTree = SOURCE_ROOT; };
		D86262341CC848B800E061DD /* DemoContactSource.h */ = {isa = PBXFileReference; fileEncoding = 4; lastKnownFileType = sourcecode.c.h; path = DemoContactSource.h; sourceTree = "<group>"; };
		D86262351CC848B800E061DD /* DemoContactSource.m */ = {isa = PBXFileReference; fileEncoding = 4; lastKnownFileType = sourcecode.c.objc; path = DemoContactSource.m; sourceTree = "<group>"; };
		D87D0A781BBD70AC0096118A /* FBSDKCoreKit.framework */ = {isa = PBXFileReference; lastKnownFileType = wrapper.framework; path = FBSDKCoreKit.framework; sourceTree = "<group>"; };
		D87D0A791BBD70AC0096118A /* FBSDKLoginKit.framework */ = {isa = PBXFileReference; lastKnownFileType = wrapper.framework; path = FBSDKLoginKit.framework; sourceTree = "<group>"; };
		D87D0AB01BBD74AC0096118A /* FBSDKShareKit.framework */ = {isa = PBXFileReference; lastKnownFileType = wrapper.framework; path = FBSDKShareKit.framework; sourceTree = "<group>"; };
		D881839F1D6F6D1300F3ABE0 /* InfoPlist.strings */ = {isa = PBXFileReference; fileEncoding = 4; lastKnownFileType = text.plist.strings; name = InfoPlist.strings; path = "../Bit6UIFullDemo-ObjC/ChatDemo/InfoPlist.strings"; sourceTree = SOURCE_ROOT; };
		D88183A11D6F6D1B00F3ABE0 /* CustomCallViewController.h */ = {isa = PBXFileReference; fileEncoding = 4; lastKnownFileType = sourcecode.c.h; name = CustomCallViewController.h; path = "../Bit6UIFullDemo-ObjC/ChatDemo/InCall/CustomCallViewController.h"; sourceTree = SOURCE_ROOT; };
		D88183A21D6F6D1B00F3ABE0 /* CustomCallViewController.m */ = {isa = PBXFileReference; fileEncoding = 4; lastKnownFileType = sourcecode.c.objc; name = CustomCallViewController.m; path = "../Bit6UIFullDemo-ObjC/ChatDemo/InCall/CustomCallViewController.m"; sourceTree = SOURCE_ROOT; };
		D88183A31D6F6D1B00F3ABE0 /* CustomCallViewController.xib */ = {isa = PBXFileReference; fileEncoding = 4; lastKnownFileType = file.xib; name = CustomCallViewController.xib; path = "../Bit6UIFullDemo-ObjC/ChatDemo/InCall/CustomCallViewController.xib"; sourceTree = SOURCE_ROOT; };
		D88F07361D3D1BCA00EC665F /* Localizable.strings */ = {isa = PBXFileReference; fileEncoding = 4; lastKnownFileType = text.plist.strings; name = Localizable.strings; path = "../Bit6UIFullDemo-ObjC/ChatDemo/Localizable.strings"; sourceTree = SOURCE_ROOT; };
		D894B88F1CC93DC700211A29 /* Bit6UI.strings */ = {isa = PBXFileReference; fileEncoding = 4; lastKnownFileType = text.plist.strings; name = Bit6UI.strings; path = "../Bit6UIFullDemo-ObjC/ChatDemo/Bit6UI.strings"; sourceTree = SOURCE_ROOT; };
		D8A3AF2E1A44A7F9002205C2 /* FBVideoCalls.app */ = {isa = PBXFileReference; explicitFileType = wrapper.application; includeInIndex = 0; path = FBVideoCalls.app; sourceTree = BUILT_PRODUCTS_DIR; };
		D8A3AF321A44A7F9002205C2 /* Info.plist */ = {isa = PBXFileReference; lastKnownFileType = text.plist.xml; path = Info.plist; sourceTree = "<group>"; };
		D8A3AF331A44A7F9002205C2 /* main.m */ = {isa = PBXFileReference; lastKnownFileType = sourcecode.c.objc; path = main.m; sourceTree = "<group>"; };
		D8A3AF351A44A7F9002205C2 /* AppDelegate.h */ = {isa = PBXFileReference; lastKnownFileType = sourcecode.c.h; path = AppDelegate.h; sourceTree = "<group>"; };
		D8A3AF361A44A7F9002205C2 /* AppDelegate.m */ = {isa = PBXFileReference; lastKnownFileType = sourcecode.c.objc; path = AppDelegate.m; sourceTree = "<group>"; };
		D8A3AF3C1A44A7F9002205C2 /* Base */ = {isa = PBXFileReference; lastKnownFileType = file.storyboard; name = Base; path = Base.lproj/Main.storyboard; sourceTree = "<group>"; };
		D8A3AF3E1A44A7F9002205C2 /* Images.xcassets */ = {isa = PBXFileReference; lastKnownFileType = folder.assetcatalog; path = Images.xcassets; sourceTree = "<group>"; };
		D8A3AF411A44A7F9002205C2 /* Base */ = {isa = PBXFileReference; lastKnownFileType = file.xib; name = Base; path = Base.lproj/LaunchScreen.xib; sourceTree = "<group>"; };
		D8A3AF571A44A82F002205C2 /* DemoConfig.xcconfig */ = {isa = PBXFileReference; fileEncoding = 4; lastKnownFileType = text.xcconfig; path = DemoConfig.xcconfig; sourceTree = "<group>"; };
		D8A3AF641A44A8C9002205C2 /* Bit6.framework */ = {isa = PBXFileReference; lastKnownFileType = wrapper.framework; name = Bit6.framework; path = ../../Bit6.framework; sourceTree = "<group>"; };
		D8A3AF661A44A8F6002205C2 /* FBVideoCalls-Prefix.pch */ = {isa = PBXFileReference; lastKnownFileType = sourcecode.c.h; path = "FBVideoCalls-Prefix.pch"; sourceTree = "<group>"; };
		D8A3AF671A44A984002205C2 /* MainViewController.h */ = {isa = PBXFileReference; fileEncoding = 4; lastKnownFileType = sourcecode.c.h; path = MainViewController.h; sourceTree = "<group>"; };
		D8A3AF681A44A984002205C2 /* MainViewController.m */ = {isa = PBXFileReference; fileEncoding = 4; lastKnownFileType = sourcecode.c.objc; path = MainViewController.m; sourceTree = "<group>"; };
		D8A3AF6A1A44A992002205C2 /* FriendsViewController.h */ = {isa = PBXFileReference; fileEncoding = 4; lastKnownFileType = sourcecode.c.h; path = FriendsViewController.h; sourceTree = "<group>"; };
		D8A3AF6B1A44A992002205C2 /* FriendsViewController.m */ = {isa = PBXFileReference; fileEncoding = 4; lastKnownFileType = sourcecode.c.objc; path = FriendsViewController.m; sourceTree = "<group>"; };
		D8A5A4B81C6F990000B868B1 /* ringtone.caf */ = {isa = PBXFileReference; lastKnownFileType = file; path = ringtone.caf; sourceTree = "<group>"; };
		D8B649FE1D83BD8D0000965E /* FBVideoCalls.entitlements */ = {isa = PBXFileReference; lastKnownFileType = text.plist.entitlements; path = FBVideoCalls.entitlements; sourceTree = "<group>"; };
/* End PBXFileReference section */

/* Begin PBXFrameworksBuildPhase section */
		D8A3AF2B1A44A7F9002205C2 /* Frameworks */ = {
			isa = PBXFrameworksBuildPhase;
			buildActionMask = 2147483647;
			files = (
				D86262311CC8469400E061DD /* Bit6UI.framework in Frameworks */,
				D87D0AB11BBD74AC0096118A /* FBSDKShareKit.framework in Frameworks */,
				D87D0A7A1BBD70AC0096118A /* FBSDKCoreKit.framework in Frameworks */,
				D8A3AF651A44A8C9002205C2 /* Bit6.framework in Frameworks */,
				D87D0A7B1BBD70AC0096118A /* FBSDKLoginKit.framework in Frameworks */,
			);
			runOnlyForDeploymentPostprocessing = 0;
		};
/* End PBXFrameworksBuildPhase section */

/* Begin PBXGroup section */
		D8A3AF251A44A7F9002205C2 = {
			isa = PBXGroup;
			children = (
				D8A3AF301A44A7F9002205C2 /* FBVideoCalls */,
				D8A3AF631A44A8B4002205C2 /* Frameworks */,
				D8A3AF2F1A44A7F9002205C2 /* Products */,
			);
			sourceTree = "<group>";
		};
		D8A3AF2F1A44A7F9002205C2 /* Products */ = {
			isa = PBXGroup;
			children = (
				D8A3AF2E1A44A7F9002205C2 /* FBVideoCalls.app */,
			);
			name = Products;
			sourceTree = "<group>";
		};
		D8A3AF301A44A7F9002205C2 /* FBVideoCalls */ = {
			isa = PBXGroup;
			children = (
				D8B649FE1D83BD8D0000965E /* FBVideoCalls.entitlements */,
				D8A3AF571A44A82F002205C2 /* DemoConfig.xcconfig */,
				D8A3AF351A44A7F9002205C2 /* AppDelegate.h */,
				D8A3AF361A44A7F9002205C2 /* AppDelegate.m */,
				D8A3AF671A44A984002205C2 /* MainViewController.h */,
				D8A3AF681A44A984002205C2 /* MainViewController.m */,
				D8A3AF6A1A44A992002205C2 /* FriendsViewController.h */,
				D8A3AF6B1A44A992002205C2 /* FriendsViewController.m */,
				D86262341CC848B800E061DD /* DemoContactSource.h */,
				D86262351CC848B800E061DD /* DemoContactSource.m */,
				D8A3AF3B1A44A7F9002205C2 /* Main.storyboard */,
				D88183A11D6F6D1B00F3ABE0 /* CustomCallViewController.h */,
				D88183A21D6F6D1B00F3ABE0 /* CustomCallViewController.m */,
				D88183A31D6F6D1B00F3ABE0 /* CustomCallViewController.xib */,
				D8A3AF3E1A44A7F9002205C2 /* Images.xcassets */,
				D8A3AF401A44A7F9002205C2 /* LaunchScreen.xib */,
				D8A3AF311A44A7F9002205C2 /* Supporting Files */,
			);
			path = FBVideoCalls;
			sourceTree = "<group>";
		};
		D8A3AF311A44A7F9002205C2 /* Supporting Files */ = {
			isa = PBXGroup;
			children = (
				D894B88F1CC93DC700211A29 /* Bit6UI.strings */,
				D86262321CC846A000E061DD /* Bit6UIResources.bundle */,
				D88F07361D3D1BCA00EC665F /* Localizable.strings */,
				D881839F1D6F6D1300F3ABE0 /* InfoPlist.strings */,
				D8A3AF321A44A7F9002205C2 /* Info.plist */,
				D8A3AF661A44A8F6002205C2 /* FBVideoCalls-Prefix.pch */,
				D8A5A4B81C6F990000B868B1 /* ringtone.caf */,
				D8A3AF331A44A7F9002205C2 /* main.m */,
			);
			name = "Supporting Files";
			sourceTree = "<group>";
		};
		D8A3AF631A44A8B4002205C2 /* Frameworks */ = {
			isa = PBXGroup;
			children = (
				D862622E1CC8467F00E061DD /* FacebookSDKStrings.bundle */,
				D87D0A781BBD70AC0096118A /* FBSDKCoreKit.framework */,
				D87D0A791BBD70AC0096118A /* FBSDKLoginKit.framework */,
				D87D0AB01BBD74AC0096118A /* FBSDKShareKit.framework */,
				D86262301CC8469400E061DD /* Bit6UI.framework */,
				D8A3AF641A44A8C9002205C2 /* Bit6.framework */,
			);
			name = Frameworks;
			sourceTree = "<group>";
		};
/* End PBXGroup section */

/* Begin PBXNativeTarget section */
		D8A3AF2D1A44A7F9002205C2 /* FBVideoCalls */ = {
			isa = PBXNativeTarget;
			buildConfigurationList = D8A3AF511A44A7F9002205C2 /* Build configuration list for PBXNativeTarget "FBVideoCalls" */;
			buildPhases = (
				D8A3AF2A1A44A7F9002205C2 /* Sources */,
				D8A3AF2B1A44A7F9002205C2 /* Frameworks */,
				D8A3AF2C1A44A7F9002205C2 /* Resources */,
			);
			buildRules = (
			);
			dependencies = (
			);
			name = FBVideoCalls;
			productName = FBVideoCalls;
			productReference = D8A3AF2E1A44A7F9002205C2 /* FBVideoCalls.app */;
			productType = "com.apple.product-type.application";
		};
/* End PBXNativeTarget section */

/* Begin PBXProject section */
		D8A3AF261A44A7F9002205C2 /* Project object */ = {
			isa = PBXProject;
			attributes = {
				LastUpgradeCheck = 0800;
				ORGANIZATIONNAME = Bit6;
				TargetAttributes = {
					D8A3AF2D1A44A7F9002205C2 = {
						CreatedOnToolsVersion = 6.1.1;
						DevelopmentTeam = R2GJHK9MEJ;
						SystemCapabilities = {
							com.apple.BackgroundModes = {
								enabled = 1;
							};
							com.apple.Push = {
								enabled = 1;
							};
						};
					};
				};
			};
			buildConfigurationList = D8A3AF291A44A7F9002205C2 /* Build configuration list for PBXProject "FBVideoCalls" */;
			compatibilityVersion = "Xcode 3.2";
			developmentRegion = English;
			hasScannedForEncodings = 0;
			knownRegions = (
				en,
				Base,
			);
			mainGroup = D8A3AF251A44A7F9002205C2;
			productRefGroup = D8A3AF2F1A44A7F9002205C2 /* Products */;
			projectDirPath = "";
			projectRoot = "";
			targets = (
				D8A3AF2D1A44A7F9002205C2 /* FBVideoCalls */,
			);
		};
/* End PBXProject section */

/* Begin PBXResourcesBuildPhase section */
		D8A3AF2C1A44A7F9002205C2 /* Resources */ = {
			isa = PBXResourcesBuildPhase;
			buildActionMask = 2147483647;
			files = (
				D8A3AF3D1A44A7F9002205C2 /* Main.storyboard in Resources */,
				D894B8901CC93DC700211A29 /* Bit6UI.strings in Resources */,
				D86262331CC846A000E061DD /* Bit6UIResources.bundle in Resources */,
				D8A5A4B91C6F990000B868B1 /* ringtone.caf in Resources */,
				D862622F1CC8467F00E061DD /* FacebookSDKStrings.bundle in Resources */,
				D88183A51D6F6D1B00F3ABE0 /* CustomCallViewController.xib in Resources */,
				D88F07371D3D1BCA00EC665F /* Localizable.strings in Resources */,
				D8A3AF421A44A7F9002205C2 /* LaunchScreen.xib in Resources */,
				D88183A01D6F6D1300F3ABE0 /* InfoPlist.strings in Resources */,
				D8A3AF3F1A44A7F9002205C2 /* Images.xcassets in Resources */,
			);
			runOnlyForDeploymentPostprocessing = 0;
		};
/* End PBXResourcesBuildPhase section */

/* Begin PBXSourcesBuildPhase section */
		D8A3AF2A1A44A7F9002205C2 /* Sources */ = {
			isa = PBXSourcesBuildPhase;
			buildActionMask = 2147483647;
			files = (
				D8A3AF6C1A44A992002205C2 /* FriendsViewController.m in Sources */,
				D86262361CC848B800E061DD /* DemoContactSource.m in Sources */,
				D8A3AF371A44A7F9002205C2 /* AppDelegate.m in Sources */,
				D8A3AF691A44A984002205C2 /* MainViewController.m in Sources */,
				D8A3AF341A44A7F9002205C2 /* main.m in Sources */,
				D88183A41D6F6D1B00F3ABE0 /* CustomCallViewController.m in Sources */,
			);
			runOnlyForDeploymentPostprocessing = 0;
		};
/* End PBXSourcesBuildPhase section */

/* Begin PBXVariantGroup section */
		D8A3AF3B1A44A7F9002205C2 /* Main.storyboard */ = {
			isa = PBXVariantGroup;
			children = (
				D8A3AF3C1A44A7F9002205C2 /* Base */,
			);
			name = Main.storyboard;
			sourceTree = "<group>";
		};
		D8A3AF401A44A7F9002205C2 /* LaunchScreen.xib */ = {
			isa = PBXVariantGroup;
			children = (
				D8A3AF411A44A7F9002205C2 /* Base */,
			);
			name = LaunchScreen.xib;
			sourceTree = "<group>";
		};
/* End PBXVariantGroup section */

/* Begin XCBuildConfiguration section */
		D8A3AF4F1A44A7F9002205C2 /* Debug */ = {
			isa = XCBuildConfiguration;
			baseConfigurationReference = D8A3AF571A44A82F002205C2 /* DemoConfig.xcconfig */;
			buildSettings = {
				ALWAYS_SEARCH_USER_PATHS = NO;
				CLANG_CXX_LANGUAGE_STANDARD = "gnu++0x";
				CLANG_CXX_LIBRARY = "libc++";
				CLANG_ENABLE_MODULES = YES;
				CLANG_ENABLE_OBJC_ARC = YES;
				CLANG_WARN_BOOL_CONVERSION = YES;
				CLANG_WARN_CONSTANT_CONVERSION = YES;
				CLANG_WARN_DIRECT_OBJC_ISA_USAGE = YES_ERROR;
				CLANG_WARN_EMPTY_BODY = YES;
				CLANG_WARN_ENUM_CONVERSION = YES;
				CLANG_WARN_INFINITE_RECURSION = YES;
				CLANG_WARN_INT_CONVERSION = YES;
				CLANG_WARN_OBJC_ROOT_CLASS = YES_ERROR;
				CLANG_WARN_SUSPICIOUS_MOVE = YES;
				CLANG_WARN_UNREACHABLE_CODE = YES;
				CLANG_WARN__DUPLICATE_METHOD_MATCH = YES;
				"CODE_SIGN_IDENTITY[sdk=iphoneos*]" = "iPhone Developer";
				COPY_PHASE_STRIP = NO;
				ENABLE_STRICT_OBJC_MSGSEND = YES;
				ENABLE_TESTABILITY = YES;
				GCC_C_LANGUAGE_STANDARD = gnu99;
				GCC_DYNAMIC_NO_PIC = NO;
				GCC_NO_COMMON_BLOCKS = YES;
				GCC_OPTIMIZATION_LEVEL = 0;
				GCC_PREPROCESSOR_DEFINITIONS = (
					"DEBUG=1",
					"$(inherited)",
				);
				GCC_SYMBOLS_PRIVATE_EXTERN = NO;
				GCC_WARN_64_TO_32_BIT_CONVERSION = YES;
				GCC_WARN_ABOUT_RETURN_TYPE = YES_ERROR;
				GCC_WARN_UNDECLARED_SELECTOR = YES;
				GCC_WARN_UNINITIALIZED_AUTOS = YES_AGGRESSIVE;
				GCC_WARN_UNUSED_FUNCTION = YES;
				GCC_WARN_UNUSED_VARIABLE = YES;
				IPHONEOS_DEPLOYMENT_TARGET = 8.1;
				MTL_ENABLE_DEBUG_INFO = YES;
				ONLY_ACTIVE_ARCH = YES;
				SDKROOT = iphoneos;
			};
			name = Debug;
		};
		D8A3AF501A44A7F9002205C2 /* Release */ = {
			isa = XCBuildConfiguration;
			baseConfigurationReference = D8A3AF571A44A82F002205C2 /* DemoConfig.xcconfig */;
			buildSettings = {
				ALWAYS_SEARCH_USER_PATHS = NO;
				CLANG_CXX_LANGUAGE_STANDARD = "gnu++0x";
				CLANG_CXX_LIBRARY = "libc++";
				CLANG_ENABLE_MODULES = YES;
				CLANG_ENABLE_OBJC_ARC = YES;
				CLANG_WARN_BOOL_CONVERSION = YES;
				CLANG_WARN_CONSTANT_CONVERSION = YES;
				CLANG_WARN_DIRECT_OBJC_ISA_USAGE = YES_ERROR;
				CLANG_WARN_EMPTY_BODY = YES;
				CLANG_WARN_ENUM_CONVERSION = YES;
				CLANG_WARN_INFINITE_RECURSION = YES;
				CLANG_WARN_INT_CONVERSION = YES;
				CLANG_WARN_OBJC_ROOT_CLASS = YES_ERROR;
				CLANG_WARN_SUSPICIOUS_MOVE = YES;
				CLANG_WARN_UNREACHABLE_CODE = YES;
				CLANG_WARN__DUPLICATE_METHOD_MATCH = YES;
				"CODE_SIGN_IDENTITY[sdk=iphoneos*]" = "iPhone Developer";
				COPY_PHASE_STRIP = YES;
				ENABLE_NS_ASSERTIONS = NO;
				ENABLE_STRICT_OBJC_MSGSEND = YES;
				GCC_C_LANGUAGE_STANDARD = gnu99;
				GCC_NO_COMMON_BLOCKS = YES;
				GCC_WARN_64_TO_32_BIT_CONVERSION = YES;
				GCC_WARN_ABOUT_RETURN_TYPE = YES_ERROR;
				GCC_WARN_UNDECLARED_SELECTOR = YES;
				GCC_WARN_UNINITIALIZED_AUTOS = YES_AGGRESSIVE;
				GCC_WARN_UNUSED_FUNCTION = YES;
				GCC_WARN_UNUSED_VARIABLE = YES;
				IPHONEOS_DEPLOYMENT_TARGET = 8.1;
				MTL_ENABLE_DEBUG_INFO = NO;
				SDKROOT = iphoneos;
				VALIDATE_PRODUCT = YES;
			};
			name = Release;
		};
		D8A3AF521A44A7F9002205C2 /* Debug */ = {
			isa = XCBuildConfiguration;
			buildSettings = {
				ASSETCATALOG_COMPILER_APPICON_NAME = AppIcon;
				ASSETCATALOG_COMPILER_LAUNCHIMAGE_NAME = LaunchImage;
				CODE_SIGN_ENTITLEMENTS = FBVideoCalls/FBVideoCalls.entitlements;
				"CODE_SIGN_IDENTITY[sdk=iphoneos*]" = "iPhone Developer";
				DEVELOPMENT_TEAM = R2GJHK9MEJ;
				FRAMEWORK_SEARCH_PATHS = (
					"$(inherited)",
					"$(PROJECT_DIR)",
				);
				INFOPLIST_FILE = FBVideoCalls/Info.plist;
				LD_RUNPATH_SEARCH_PATHS = "$(inherited) @executable_path/Frameworks";
				PRODUCT_BUNDLE_IDENTIFIER = com.voxofon.FbVideoCalls;
				PRODUCT_NAME = "$(TARGET_NAME)";
			};
			name = Debug;
		};
		D8A3AF531A44A7F9002205C2 /* Release */ = {
			isa = XCBuildConfiguration;
			buildSettings = {
				ASSETCATALOG_COMPILER_APPICON_NAME = AppIcon;
				ASSETCATALOG_COMPILER_LAUNCHIMAGE_NAME = LaunchImage;
				CODE_SIGN_ENTITLEMENTS = FBVideoCalls/FBVideoCalls.entitlements;
				DEVELOPMENT_TEAM = R2GJHK9MEJ;
				FRAMEWORK_SEARCH_PATHS = (
					"$(inherited)",
					"$(PROJECT_DIR)",
				);
				INFOPLIST_FILE = FBVideoCalls/Info.plist;
				LD_RUNPATH_SEARCH_PATHS = "$(inherited) @executable_path/Frameworks";
				PRODUCT_BUNDLE_IDENTIFIER = com.voxofon.FbVideoCalls;
				PRODUCT_NAME = "$(TARGET_NAME)";
			};
			name = Release;
		};
/* End XCBuildConfiguration section */

/* Begin XCConfigurationList section */
		D8A3AF291A44A7F9002205C2 /* Build configuration list for PBXProject "FBVideoCalls" */ = {
			isa = XCConfigurationList;
			buildConfigurations = (
				D8A3AF4F1A44A7F9002205C2 /* Debug */,
				D8A3AF501A44A7F9002205C2 /* Release */,
			);
			defaultConfigurationIsVisible = 0;
			defaultConfigurationName = Release;
		};
		D8A3AF511A44A7F9002205C2 /* Build configuration list for PBXNativeTarget "FBVideoCalls" */ = {
			isa = XCConfigurationList;
			buildConfigurations = (
				D8A3AF521A44A7F9002205C2 /* Debug */,
				D8A3AF531A44A7F9002205C2 /* Release */,
			);
			defaultConfigurationIsVisible = 0;
			defaultConfigurationName = Release;
		};
/* End XCConfigurationList section */
	};
	rootObject = D8A3AF261A44A7F9002205C2 /* Project object */;
}
