// !$*UTF8*$!
{
	archiveVersion = 1;
	classes = {
	};
	objectVersion = 46;
	objects = {

/* Begin PBXBuildFile section */
		D8A3AF341A44A7F9002205C2 /* main.m in Sources */ = {isa = PBXBuildFile; fileRef = D8A3AF331A44A7F9002205C2 /* main.m */; };
		D8A3AF371A44A7F9002205C2 /* AppDelegate.m in Sources */ = {isa = PBXBuildFile; fileRef = D8A3AF361A44A7F9002205C2 /* AppDelegate.m */; };
		D8A3AF3D1A44A7F9002205C2 /* Main.storyboard in Resources */ = {isa = PBXBuildFile; fileRef = D8A3AF3B1A44A7F9002205C2 /* Main.storyboard */; };
		D8A3AF3F1A44A7F9002205C2 /* Images.xcassets in Resources */ = {isa = PBXBuildFile; fileRef = D8A3AF3E1A44A7F9002205C2 /* Images.xcassets */; };
		D8A3AF421A44A7F9002205C2 /* LaunchScreen.xib in Resources */ = {isa = PBXBuildFile; fileRef = D8A3AF401A44A7F9002205C2 /* LaunchScreen.xib */; };
		D8A3AF4E1A44A7F9002205C2 /* FBVideoCallsTests.m in Sources */ = {isa = PBXBuildFile; fileRef = D8A3AF4D1A44A7F9002205C2 /* FBVideoCallsTests.m */; };
		D8A3AF581A44A82F002205C2 /* DemoConfig.xcconfig in Resources */ = {isa = PBXBuildFile; fileRef = D8A3AF571A44A82F002205C2 /* DemoConfig.xcconfig */; };
		D8A3AF5A1A44A89B002205C2 /* libicucore.dylib in Frameworks */ = {isa = PBXBuildFile; fileRef = D8A3AF591A44A89B002205C2 /* libicucore.dylib */; };
		D8A3AF5F1A44A8AC002205C2 /* libstdc++.dylib in Frameworks */ = {isa = PBXBuildFile; fileRef = D8A3AF5B1A44A8AC002205C2 /* libstdc++.dylib */; };
		D8A3AF601A44A8AC002205C2 /* libsqlite3.dylib in Frameworks */ = {isa = PBXBuildFile; fileRef = D8A3AF5C1A44A8AC002205C2 /* libsqlite3.dylib */; };
		D8A3AF611A44A8AC002205C2 /* GLKit.framework in Frameworks */ = {isa = PBXBuildFile; fileRef = D8A3AF5D1A44A8AC002205C2 /* GLKit.framework */; };
		D8A3AF621A44A8AC002205C2 /* libz.dylib in Frameworks */ = {isa = PBXBuildFile; fileRef = D8A3AF5E1A44A8AC002205C2 /* libz.dylib */; };
		D8A3AF651A44A8C9002205C2 /* Bit6SDK.framework in Frameworks */ = {isa = PBXBuildFile; fileRef = D8A3AF641A44A8C9002205C2 /* Bit6SDK.framework */; };
		D8A3AF691A44A984002205C2 /* MainViewController.m in Sources */ = {isa = PBXBuildFile; fileRef = D8A3AF681A44A984002205C2 /* MainViewController.m */; };
		D8A3AF6C1A44A992002205C2 /* FriendsViewController.m in Sources */ = {isa = PBXBuildFile; fileRef = D8A3AF6B1A44A992002205C2 /* FriendsViewController.m */; };
		D8A3AF6E1A44C2FF002205C2 /* FacebookSDK.framework in Frameworks */ = {isa = PBXBuildFile; fileRef = D8A3AF6D1A44C2FF002205C2 /* FacebookSDK.framework */; };
		D8A3AF701A44C800002205C2 /* Bit6Resources.bundle in Resources */ = {isa = PBXBuildFile; fileRef = D8A3AF6F1A44C800002205C2 /* Bit6Resources.bundle */; };
/* End PBXBuildFile section */

/* Begin PBXContainerItemProxy section */
		D8A3AF481A44A7F9002205C2 /* PBXContainerItemProxy */ = {
			isa = PBXContainerItemProxy;
			containerPortal = D8A3AF261A44A7F9002205C2 /* Project object */;
			proxyType = 1;
			remoteGlobalIDString = D8A3AF2D1A44A7F9002205C2;
			remoteInfo = FBVideoCalls;
		};
/* End PBXContainerItemProxy section */

/* Begin PBXFileReference section */
		D8A3AF2E1A44A7F9002205C2 /* FBVideoCalls.app */ = {isa = PBXFileReference; explicitFileType = wrapper.application; includeInIndex = 0; path = FBVideoCalls.app; sourceTree = BUILT_PRODUCTS_DIR; };
		D8A3AF321A44A7F9002205C2 /* Info.plist */ = {isa = PBXFileReference; lastKnownFileType = text.plist.xml; path = Info.plist; sourceTree = "<group>"; };
		D8A3AF331A44A7F9002205C2 /* main.m */ = {isa = PBXFileReference; lastKnownFileType = sourcecode.c.objc; path = main.m; sourceTree = "<group>"; };
		D8A3AF351A44A7F9002205C2 /* AppDelegate.h */ = {isa = PBXFileReference; lastKnownFileType = sourcecode.c.h; path = AppDelegate.h; sourceTree = "<group>"; };
		D8A3AF361A44A7F9002205C2 /* AppDelegate.m */ = {isa = PBXFileReference; lastKnownFileType = sourcecode.c.objc; path = AppDelegate.m; sourceTree = "<group>"; };
		D8A3AF3C1A44A7F9002205C2 /* Base */ = {isa = PBXFileReference; lastKnownFileType = file.storyboard; name = Base; path = Base.lproj/Main.storyboard; sourceTree = "<group>"; };
		D8A3AF3E1A44A7F9002205C2 /* Images.xcassets */ = {isa = PBXFileReference; lastKnownFileType = folder.assetcatalog; path = Images.xcassets; sourceTree = "<group>"; };
		D8A3AF411A44A7F9002205C2 /* Base */ = {isa = PBXFileReference; lastKnownFileType = file.xib; name = Base; path = Base.lproj/LaunchScreen.xib; sourceTree = "<group>"; };
		D8A3AF471A44A7F9002205C2 /* FBVideoCallsTests.xctest */ = {isa = PBXFileReference; explicitFileType = wrapper.cfbundle; includeInIndex = 0; path = FBVideoCallsTests.xctest; sourceTree = BUILT_PRODUCTS_DIR; };
		D8A3AF4C1A44A7F9002205C2 /* Info.plist */ = {isa = PBXFileReference; lastKnownFileType = text.plist.xml; path = Info.plist; sourceTree = "<group>"; };
		D8A3AF4D1A44A7F9002205C2 /* FBVideoCallsTests.m */ = {isa = PBXFileReference; lastKnownFileType = sourcecode.c.objc; path = FBVideoCallsTests.m; sourceTree = "<group>"; };
		D8A3AF571A44A82F002205C2 /* DemoConfig.xcconfig */ = {isa = PBXFileReference; fileEncoding = 4; lastKnownFileType = text.xcconfig; path = DemoConfig.xcconfig; sourceTree = "<group>"; };
		D8A3AF591A44A89B002205C2 /* libicucore.dylib */ = {isa = PBXFileReference; lastKnownFileType = "compiled.mach-o.dylib"; name = libicucore.dylib; path = usr/lib/libicucore.dylib; sourceTree = SDKROOT; };
		D8A3AF5B1A44A8AC002205C2 /* libstdc++.dylib */ = {isa = PBXFileReference; lastKnownFileType = "compiled.mach-o.dylib"; name = "libstdc++.dylib"; path = "usr/lib/libstdc++.dylib"; sourceTree = SDKROOT; };
		D8A3AF5C1A44A8AC002205C2 /* libsqlite3.dylib */ = {isa = PBXFileReference; lastKnownFileType = "compiled.mach-o.dylib"; name = libsqlite3.dylib; path = usr/lib/libsqlite3.dylib; sourceTree = SDKROOT; };
		D8A3AF5D1A44A8AC002205C2 /* GLKit.framework */ = {isa = PBXFileReference; lastKnownFileType = wrapper.framework; name = GLKit.framework; path = System/Library/Frameworks/GLKit.framework; sourceTree = SDKROOT; };
		D8A3AF5E1A44A8AC002205C2 /* libz.dylib */ = {isa = PBXFileReference; lastKnownFileType = "compiled.mach-o.dylib"; name = libz.dylib; path = usr/lib/libz.dylib; sourceTree = SDKROOT; };
		D8A3AF641A44A8C9002205C2 /* Bit6SDK.framework */ = {isa = PBXFileReference; lastKnownFileType = wrapper.framework; name = Bit6SDK.framework; path = ../../Bit6SDK.framework; sourceTree = "<group>"; };
		D8A3AF661A44A8F6002205C2 /* FBVideoCalls-Prefix.pch */ = {isa = PBXFileReference; lastKnownFileType = sourcecode.c.h; path = "FBVideoCalls-Prefix.pch"; sourceTree = "<group>"; };
		D8A3AF671A44A984002205C2 /* MainViewController.h */ = {isa = PBXFileReference; fileEncoding = 4; lastKnownFileType = sourcecode.c.h; path = MainViewController.h; sourceTree = "<group>"; };
		D8A3AF681A44A984002205C2 /* MainViewController.m */ = {isa = PBXFileReference; fileEncoding = 4; lastKnownFileType = sourcecode.c.objc; path = MainViewController.m; sourceTree = "<group>"; };
		D8A3AF6A1A44A992002205C2 /* FriendsViewController.h */ = {isa = PBXFileReference; fileEncoding = 4; lastKnownFileType = sourcecode.c.h; path = FriendsViewController.h; sourceTree = "<group>"; };
		D8A3AF6B1A44A992002205C2 /* FriendsViewController.m */ = {isa = PBXFileReference; fileEncoding = 4; lastKnownFileType = sourcecode.c.objc; path = FriendsViewController.m; sourceTree = "<group>"; };
		D8A3AF6D1A44C2FF002205C2 /* FacebookSDK.framework */ = {isa = PBXFileReference; lastKnownFileType = wrapper.framework; path = FacebookSDK.framework; sourceTree = "<group>"; };
		D8A3AF6F1A44C800002205C2 /* Bit6Resources.bundle */ = {isa = PBXFileReference; lastKnownFileType = "wrapper.plug-in"; path = Bit6Resources.bundle; sourceTree = "<group>"; };
/* End PBXFileReference section */

/* Begin PBXFrameworksBuildPhase section */
		D8A3AF2B1A44A7F9002205C2 /* Frameworks */ = {
			isa = PBXFrameworksBuildPhase;
			buildActionMask = 2147483647;
			files = (
				D8A3AF5F1A44A8AC002205C2 /* libstdc++.dylib in Frameworks */,
				D8A3AF621A44A8AC002205C2 /* libz.dylib in Frameworks */,
				D8A3AF601A44A8AC002205C2 /* libsqlite3.dylib in Frameworks */,
				D8A3AF611A44A8AC002205C2 /* GLKit.framework in Frameworks */,
				D8A3AF651A44A8C9002205C2 /* Bit6SDK.framework in Frameworks */,
				D8A3AF5A1A44A89B002205C2 /* libicucore.dylib in Frameworks */,
				D8A3AF6E1A44C2FF002205C2 /* FacebookSDK.framework in Frameworks */,
			);
			runOnlyForDeploymentPostprocessing = 0;
		};
		D8A3AF441A44A7F9002205C2 /* Frameworks */ = {
			isa = PBXFrameworksBuildPhase;
			buildActionMask = 2147483647;
			files = (
			);
			runOnlyForDeploymentPostprocessing = 0;
		};
/* End PBXFrameworksBuildPhase section */

/* Begin PBXGroup section */
		D8A3AF251A44A7F9002205C2 = {
			isa = PBXGroup;
			children = (
				D8A3AF301A44A7F9002205C2 /* FBVideoCalls */,
				D8A3AF4A1A44A7F9002205C2 /* FBVideoCallsTests */,
				D8A3AF631A44A8B4002205C2 /* Frameworks */,
				D8A3AF2F1A44A7F9002205C2 /* Products */,
			);
			sourceTree = "<group>";
		};
		D8A3AF2F1A44A7F9002205C2 /* Products */ = {
			isa = PBXGroup;
			children = (
				D8A3AF2E1A44A7F9002205C2 /* FBVideoCalls.app */,
				D8A3AF471A44A7F9002205C2 /* FBVideoCallsTests.xctest */,
			);
			name = Products;
			sourceTree = "<group>";
		};
		D8A3AF301A44A7F9002205C2 /* FBVideoCalls */ = {
			isa = PBXGroup;
			children = (
				D8A3AF571A44A82F002205C2 /* DemoConfig.xcconfig */,
				D8A3AF351A44A7F9002205C2 /* AppDelegate.h */,
				D8A3AF361A44A7F9002205C2 /* AppDelegate.m */,
				D8A3AF671A44A984002205C2 /* MainViewController.h */,
				D8A3AF681A44A984002205C2 /* MainViewController.m */,
				D8A3AF6A1A44A992002205C2 /* FriendsViewController.h */,
				D8A3AF6B1A44A992002205C2 /* FriendsViewController.m */,
				D8A3AF3B1A44A7F9002205C2 /* Main.storyboard */,
				D8A3AF3E1A44A7F9002205C2 /* Images.xcassets */,
				D8A3AF401A44A7F9002205C2 /* LaunchScreen.xib */,
				D8A3AF311A44A7F9002205C2 /* Supporting Files */,
			);
			path = FBVideoCalls;
			sourceTree = "<group>";
		};
		D8A3AF311A44A7F9002205C2 /* Supporting Files */ = {
			isa = PBXGroup;
			children = (
				D8A3AF6F1A44C800002205C2 /* Bit6Resources.bundle */,
				D8A3AF321A44A7F9002205C2 /* Info.plist */,
				D8A3AF661A44A8F6002205C2 /* FBVideoCalls-Prefix.pch */,
				D8A3AF331A44A7F9002205C2 /* main.m */,
			);
			name = "Supporting Files";
			sourceTree = "<group>";
		};
		D8A3AF4A1A44A7F9002205C2 /* FBVideoCallsTests */ = {
			isa = PBXGroup;
			children = (
				D8A3AF4D1A44A7F9002205C2 /* FBVideoCallsTests.m */,
				D8A3AF4B1A44A7F9002205C2 /* Supporting Files */,
			);
			path = FBVideoCallsTests;
			sourceTree = "<group>";
		};
		D8A3AF4B1A44A7F9002205C2 /* Supporting Files */ = {
			isa = PBXGroup;
			children = (
				D8A3AF4C1A44A7F9002205C2 /* Info.plist */,
			);
			name = "Supporting Files";
			sourceTree = "<group>";
		};
		D8A3AF631A44A8B4002205C2 /* Frameworks */ = {
			isa = PBXGroup;
			children = (
				D8A3AF6D1A44C2FF002205C2 /* FacebookSDK.framework */,
				D8A3AF5D1A44A8AC002205C2 /* GLKit.framework */,
				D8A3AF641A44A8C9002205C2 /* Bit6SDK.framework */,
				D8A3AF591A44A89B002205C2 /* libicucore.dylib */,
				D8A3AF5B1A44A8AC002205C2 /* libstdc++.dylib */,
				D8A3AF5C1A44A8AC002205C2 /* libsqlite3.dylib */,
				D8A3AF5E1A44A8AC002205C2 /* libz.dylib */,
			);
			name = Frameworks;
			sourceTree = "<group>";
		};
/* End PBXGroup section */

/* Begin PBXNativeTarget section */
		D8A3AF2D1A44A7F9002205C2 /* FBVideoCalls */ = {
			isa = PBXNativeTarget;
			buildConfigurationList = D8A3AF511A44A7F9002205C2 /* Build configuration list for PBXNativeTarget "FBVideoCalls" */;
			buildPhases = (
				D8A3AF2A1A44A7F9002205C2 /* Sources */,
				D8A3AF2B1A44A7F9002205C2 /* Frameworks */,
				D8A3AF2C1A44A7F9002205C2 /* Resources */,
			);
			buildRules = (
			);
			dependencies = (
			);
			name = FBVideoCalls;
			productName = FBVideoCalls;
			productReference = D8A3AF2E1A44A7F9002205C2 /* FBVideoCalls.app */;
			productType = "com.apple.product-type.application";
		};
		D8A3AF461A44A7F9002205C2 /* FBVideoCallsTests */ = {
			isa = PBXNativeTarget;
			buildConfigurationList = D8A3AF541A44A7F9002205C2 /* Build configuration list for PBXNativeTarget "FBVideoCallsTests" */;
			buildPhases = (
				D8A3AF431A44A7F9002205C2 /* Sources */,
				D8A3AF441A44A7F9002205C2 /* Frameworks */,
				D8A3AF451A44A7F9002205C2 /* Resources */,
			);
			buildRules = (
			);
			dependencies = (
				D8A3AF491A44A7F9002205C2 /* PBXTargetDependency */,
			);
			name = FBVideoCallsTests;
			productName = FBVideoCallsTests;
			productReference = D8A3AF471A44A7F9002205C2 /* FBVideoCallsTests.xctest */;
			productType = "com.apple.product-type.bundle.unit-test";
		};
/* End PBXNativeTarget section */

/* Begin PBXProject section */
		D8A3AF261A44A7F9002205C2 /* Project object */ = {
			isa = PBXProject;
			attributes = {
				LastUpgradeCheck = 0610;
				ORGANIZATIONNAME = Bit6;
				TargetAttributes = {
					D8A3AF2D1A44A7F9002205C2 = {
						CreatedOnToolsVersion = 6.1.1;
					};
					D8A3AF461A44A7F9002205C2 = {
						CreatedOnToolsVersion = 6.1.1;
						TestTargetID = D8A3AF2D1A44A7F9002205C2;
					};
				};
			};
			buildConfigurationList = D8A3AF291A44A7F9002205C2 /* Build configuration list for PBXProject "FBVideoCalls" */;
			compatibilityVersion = "Xcode 3.2";
			developmentRegion = English;
			hasScannedForEncodings = 0;
			knownRegions = (
				en,
				Base,
			);
			mainGroup = D8A3AF251A44A7F9002205C2;
			productRefGroup = D8A3AF2F1A44A7F9002205C2 /* Products */;
			projectDirPath = "";
			projectRoot = "";
			targets = (
				D8A3AF2D1A44A7F9002205C2 /* FBVideoCalls */,
				D8A3AF461A44A7F9002205C2 /* FBVideoCallsTests */,
			);
		};
/* End PBXProject section */

/* Begin PBXResourcesBuildPhase section */
		D8A3AF2C1A44A7F9002205C2 /* Resources */ = {
			isa = PBXResourcesBuildPhase;
			buildActionMask = 2147483647;
			files = (
				D8A3AF3D1A44A7F9002205C2 /* Main.storyboard in Resources */,
				D8A3AF581A44A82F002205C2 /* DemoConfig.xcconfig in Resources */,
				D8A3AF421A44A7F9002205C2 /* LaunchScreen.xib in Resources */,
				D8A3AF701A44C800002205C2 /* Bit6Resources.bundle in Resources */,
				D8A3AF3F1A44A7F9002205C2 /* Images.xcassets in Resources */,
			);
			runOnlyForDeploymentPostprocessing = 0;
		};
		D8A3AF451A44A7F9002205C2 /* Resources */ = {
			isa = PBXResourcesBuildPhase;
			buildActionMask = 2147483647;
			files = (
			);
			runOnlyForDeploymentPostprocessing = 0;
		};
/* End PBXResourcesBuildPhase section */

/* Begin PBXSourcesBuildPhase section */
		D8A3AF2A1A44A7F9002205C2 /* Sources */ = {
			isa = PBXSourcesBuildPhase;
			buildActionMask = 2147483647;
			files = (
				D8A3AF6C1A44A992002205C2 /* FriendsViewController.m in Sources */,
				D8A3AF371A44A7F9002205C2 /* AppDelegate.m in Sources */,
				D8A3AF691A44A984002205C2 /* MainViewController.m in Sources */,
				D8A3AF341A44A7F9002205C2 /* main.m in Sources */,
			);
			runOnlyForDeploymentPostprocessing = 0;
		};
		D8A3AF431A44A7F9002205C2 /* Sources */ = {
			isa = PBXSourcesBuildPhase;
			buildActionMask = 2147483647;
			files = (
				D8A3AF4E1A44A7F9002205C2 /* FBVideoCallsTests.m in Sources */,
			);
			runOnlyForDeploymentPostprocessing = 0;
		};
/* End PBXSourcesBuildPhase section */

/* Begin PBXTargetDependency section */
		D8A3AF491A44A7F9002205C2 /* PBXTargetDependency */ = {
			isa = PBXTargetDependency;
			target = D8A3AF2D1A44A7F9002205C2 /* FBVideoCalls */;
			targetProxy = D8A3AF481A44A7F9002205C2 /* PBXContainerItemProxy */;
		};
/* End PBXTargetDependency section */

/* Begin PBXVariantGroup section */
		D8A3AF3B1A44A7F9002205C2 /* Main.storyboard */ = {
			isa = PBXVariantGroup;
			children = (
				D8A3AF3C1A44A7F9002205C2 /* Base */,
			);
			name = Main.storyboard;
			sourceTree = "<group>";
		};
		D8A3AF401A44A7F9002205C2 /* LaunchScreen.xib */ = {
			isa = PBXVariantGroup;
			children = (
				D8A3AF411A44A7F9002205C2 /* Base */,
			);
			name = LaunchScreen.xib;
			sourceTree = "<group>";
		};
/* End PBXVariantGroup section */

/* Begin XCBuildConfiguration section */
		D8A3AF4F1A44A7F9002205C2 /* Debug */ = {
			isa = XCBuildConfiguration;
			baseConfigurationReference = D8A3AF571A44A82F002205C2 /* DemoConfig.xcconfig */;
			buildSettings = {
				ALWAYS_SEARCH_USER_PATHS = NO;
				CLANG_CXX_LANGUAGE_STANDARD = "gnu++0x";
				CLANG_CXX_LIBRARY = "libc++";
				CLANG_ENABLE_MODULES = YES;
				CLANG_ENABLE_OBJC_ARC = YES;
				CLANG_WARN_BOOL_CONVERSION = YES;
				CLANG_WARN_CONSTANT_CONVERSION = YES;
				CLANG_WARN_DIRECT_OBJC_ISA_USAGE = YES_ERROR;
				CLANG_WARN_EMPTY_BODY = YES;
				CLANG_WARN_ENUM_CONVERSION = YES;
				CLANG_WARN_INT_CONVERSION = YES;
				CLANG_WARN_OBJC_ROOT_CLASS = YES_ERROR;
				CLANG_WARN_UNREACHABLE_CODE = YES;
				CLANG_WARN__DUPLICATE_METHOD_MATCH = YES;
				"CODE_SIGN_IDENTITY[sdk=iphoneos*]" = "iPhone Developer";
				COPY_PHASE_STRIP = NO;
				ENABLE_STRICT_OBJC_MSGSEND = YES;
				GCC_C_LANGUAGE_STANDARD = gnu99;
				GCC_DYNAMIC_NO_PIC = NO;
				GCC_OPTIMIZATION_LEVEL = 0;
				GCC_PREPROCESSOR_DEFINITIONS = (
					"DEBUG=1",
					"$(inherited)",
				);
				GCC_SYMBOLS_PRIVATE_EXTERN = NO;
				GCC_WARN_64_TO_32_BIT_CONVERSION = YES;
				GCC_WARN_ABOUT_RETURN_TYPE = YES_ERROR;
				GCC_WARN_UNDECLARED_SELECTOR = YES;
				GCC_WARN_UNINITIALIZED_AUTOS = YES_AGGRESSIVE;
				GCC_WARN_UNUSED_FUNCTION = YES;
				GCC_WARN_UNUSED_VARIABLE = YES;
				IPHONEOS_DEPLOYMENT_TARGET = 8.1;
				MTL_ENABLE_DEBUG_INFO = YES;
				ONLY_ACTIVE_ARCH = YES;
				SDKROOT = iphoneos;
			};
			name = Debug;
		};
		D8A3AF501A44A7F9002205C2 /* Release */ = {
			isa = XCBuildConfiguration;
			baseConfigurationReference = D8A3AF571A44A82F002205C2 /* DemoConfig.xcconfig */;
			buildSettings = {
				ALWAYS_SEARCH_USER_PATHS = NO;
				CLANG_CXX_LANGUAGE_STANDARD = "gnu++0x";
				CLANG_CXX_LIBRARY = "libc++";
				CLANG_ENABLE_MODULES = YES;
				CLANG_ENABLE_OBJC_ARC = YES;
				CLANG_WARN_BOOL_CONVERSION = YES;
				CLANG_WARN_CONSTANT_CONVERSION = YES;
				CLANG_WARN_DIRECT_OBJC_ISA_USAGE = YES_ERROR;
				CLANG_WARN_EMPTY_BODY = YES;
				CLANG_WARN_ENUM_CONVERSION = YES;
				CLANG_WARN_INT_CONVERSION = YES;
				CLANG_WARN_OBJC_ROOT_CLASS = YES_ERROR;
				CLANG_WARN_UNREACHABLE_CODE = YES;
				CLANG_WARN__DUPLICATE_METHOD_MATCH = YES;
				"CODE_SIGN_IDENTITY[sdk=iphoneos*]" = "iPhone Developer";
				COPY_PHASE_STRIP = YES;
				ENABLE_NS_ASSERTIONS = NO;
				ENABLE_STRICT_OBJC_MSGSEND = YES;
				GCC_C_LANGUAGE_STANDARD = gnu99;
				GCC_WARN_64_TO_32_BIT_CONVERSION = YES;
				GCC_WARN_ABOUT_RETURN_TYPE = YES_ERROR;
				GCC_WARN_UNDECLARED_SELECTOR = YES;
				GCC_WARN_UNINITIALIZED_AUTOS = YES_AGGRESSIVE;
				GCC_WARN_UNUSED_FUNCTION = YES;
				GCC_WARN_UNUSED_VARIABLE = YES;
				IPHONEOS_DEPLOYMENT_TARGET = 8.1;
				MTL_ENABLE_DEBUG_INFO = NO;
				SDKROOT = iphoneos;
				VALIDATE_PRODUCT = YES;
			};
			name = Release;
		};
		D8A3AF521A44A7F9002205C2 /* Debug */ = {
			isa = XCBuildConfiguration;
			buildSettings = {
				ASSETCATALOG_COMPILER_APPICON_NAME = AppIcon;
				ASSETCATALOG_COMPILER_LAUNCHIMAGE_NAME = LaunchImage;
				"CODE_SIGN_IDENTITY[sdk=iphoneos*]" = "iPhone Developer: Carlos Thurber (X3W4M6QN5H)";
				FRAMEWORK_SEARCH_PATHS = (
					"$(inherited)",
					/Users/carlosthurberb/Documents/Works/Voxofon/BIT6/Bit6_SDK/InstallerGenerator/Bit6SDK,
					"$(PROJECT_DIR)",
				);
				INFOPLIST_FILE = FBVideoCalls/Info.plist;
				IPHONEOS_DEPLOYMENT_TARGET = 6.0;
				LD_RUNPATH_SEARCH_PATHS = "$(inherited) @executable_path/Frameworks";
				PRODUCT_NAME = "$(TARGET_NAME)";
				PROVISIONING_PROFILE = "d287df21-1b9b-4045-aee8-3783c0b4c5cc";
			};
			name = Debug;
		};
		D8A3AF531A44A7F9002205C2 /* Release */ = {
			isa = XCBuildConfiguration;
			buildSettings = {
				ASSETCATALOG_COMPILER_APPICON_NAME = AppIcon;
				ASSETCATALOG_COMPILER_LAUNCHIMAGE_NAME = LaunchImage;
				FRAMEWORK_SEARCH_PATHS = (
					"$(inherited)",
					/Users/carlosthurberb/Documents/Works/Voxofon/BIT6/Bit6_SDK/InstallerGenerator/Bit6SDK,
					"$(PROJECT_DIR)",
				);
				INFOPLIST_FILE = FBVideoCalls/Info.plist;
				IPHONEOS_DEPLOYMENT_TARGET = 6.0;
				LD_RUNPATH_SEARCH_PATHS = "$(inherited) @executable_path/Frameworks";
				PRODUCT_NAME = "$(TARGET_NAME)";
				PROVISIONING_PROFILE = "d287df21-1b9b-4045-aee8-3783c0b4c5cc";
			};
			name = Release;
		};
		D8A3AF551A44A7F9002205C2 /* Debug */ = {
			isa = XCBuildConfiguration;
			buildSettings = {
				BUNDLE_LOADER = "$(TEST_HOST)";
				FRAMEWORK_SEARCH_PATHS = (
					"$(SDKROOT)/Developer/Library/Frameworks",
					"$(inherited)",
				);
				GCC_PREPROCESSOR_DEFINITIONS = (
					"DEBUG=1",
					"$(inherited)",
				);
				INFOPLIST_FILE = FBVideoCallsTests/Info.plist;
				LD_RUNPATH_SEARCH_PATHS = "$(inherited) @executable_path/Frameworks @loader_path/Frameworks";
				PRODUCT_NAME = "$(TARGET_NAME)";
				TEST_HOST = "$(BUILT_PRODUCTS_DIR)/FBVideoCalls.app/FBVideoCalls";
			};
			name = Debug;
		};
		D8A3AF561A44A7F9002205C2 /* Release */ = {
			isa = XCBuildConfiguration;
			buildSettings = {
				BUNDLE_LOADER = "$(TEST_HOST)";
				FRAMEWORK_SEARCH_PATHS = (
					"$(SDKROOT)/Developer/Library/Frameworks",
					"$(inherited)",
				);
				INFOPLIST_FILE = FBVideoCallsTests/Info.plist;
				LD_RUNPATH_SEARCH_PATHS = "$(inherited) @executable_path/Frameworks @loader_path/Frameworks";
				PRODUCT_NAME = "$(TARGET_NAME)";
				TEST_HOST = "$(BUILT_PRODUCTS_DIR)/FBVideoCalls.app/FBVideoCalls";
			};
			name = Release;
		};
/* End XCBuildConfiguration section */

/* Begin XCConfigurationList section */
		D8A3AF291A44A7F9002205C2 /* Build configuration list for PBXProject "FBVideoCalls" */ = {
			isa = XCConfigurationList;
			buildConfigurations = (
				D8A3AF4F1A44A7F9002205C2 /* Debug */,
				D8A3AF501A44A7F9002205C2 /* Release */,
			);
			defaultConfigurationIsVisible = 0;
			defaultConfigurationName = Release;
		};
		D8A3AF511A44A7F9002205C2 /* Build configuration list for PBXNativeTarget "FBVideoCalls" */ = {
			isa = XCConfigurationList;
			buildConfigurations = (
				D8A3AF521A44A7F9002205C2 /* Debug */,
				D8A3AF531A44A7F9002205C2 /* Release */,
			);
			defaultConfigurationIsVisible = 0;
			defaultConfigurationName = Release;
		};
		D8A3AF541A44A7F9002205C2 /* Build configuration list for PBXNativeTarget "FBVideoCallsTests" */ = {
			isa = XCConfigurationList;
			buildConfigurations = (
				D8A3AF551A44A7F9002205C2 /* Debug */,
				D8A3AF561A44A7F9002205C2 /* Release */,
			);
			defaultConfigurationIsVisible = 0;
			defaultConfigurationName = Release;
		};
/* End XCConfigurationList section */
	};
	rootObject = D8A3AF261A44A7F9002205C2 /* Project object */;
}
